// !$*UTF8*$!
{
	archiveVersion = 1;
	classes = {
	};
	objectVersion = 50;
	objects = {

/* Begin PBXAggregateTarget section */
		A47AB41F27B24B9A001F1D9C /* vccpp */ = {
			isa = PBXAggregateTarget;
			buildConfigurationList = A47AB42027B24B9A001F1D9C /* Build configuration list for PBXAggregateTarget "vccpp" */;
			buildPhases = (
				A47AB42327B24BA4001F1D9C /* ShellScript */,
			);
			dependencies = (
			);
			name = vccpp;
			productName = vccpp;
		};
/* End PBXAggregateTarget section */

/* Begin PBXBuildFile section */
		A47AB40827B24993001F1D9C /* AppDelegate.m in Sources */ = {isa = PBXBuildFile; fileRef = A47AB40727B24993001F1D9C /* AppDelegate.m */; };
		A47AB40B27B24993001F1D9C /* SceneDelegate.m in Sources */ = {isa = PBXBuildFile; fileRef = A47AB40A27B24993001F1D9C /* SceneDelegate.m */; };
		A47AB40E27B24993001F1D9C /* ViewController.m in Sources */ = {isa = PBXBuildFile; fileRef = A47AB40D27B24993001F1D9C /* ViewController.m */; };
		A47AB41127B24993001F1D9C /* Main.storyboard in Resources */ = {isa = PBXBuildFile; fileRef = A47AB40F27B24993001F1D9C /* Main.storyboard */; };
		A47AB41327B24996001F1D9C /* Assets.xcassets in Resources */ = {isa = PBXBuildFile; fileRef = A47AB41227B24996001F1D9C /* Assets.xcassets */; };
		A47AB41627B24996001F1D9C /* LaunchScreen.storyboard in Resources */ = {isa = PBXBuildFile; fileRef = A47AB41427B24996001F1D9C /* LaunchScreen.storyboard */; };
		A47AB41927B24996001F1D9C /* main.m in Sources */ = {isa = PBXBuildFile; fileRef = A47AB41827B24996001F1D9C /* main.m */; };
/* End PBXBuildFile section */

/* Begin PBXFileReference section */
		A47AB40327B24993001F1D9C /* Interview-block数据结构.app */ = {isa = PBXFileReference; explicitFileType = wrapper.application; includeInIndex = 0; path = "Interview-block数据结构.app"; sourceTree = BUILT_PRODUCTS_DIR; };
		A47AB40627B24993001F1D9C /* AppDelegate.h */ = {isa = PBXFileReference; lastKnownFileType = sourcecode.c.h; path = AppDelegate.h; sourceTree = "<group>"; };
		A47AB40727B24993001F1D9C /* AppDelegate.m */ = {isa = PBXFileReference; lastKnownFileType = sourcecode.c.objc; path = AppDelegate.m; sourceTree = "<group>"; };
		A47AB40927B24993001F1D9C /* SceneDelegate.h */ = {isa = PBXFileReference; lastKnownFileType = sourcecode.c.h; path = SceneDelegate.h; sourceTree = "<group>"; };
		A47AB40A27B24993001F1D9C /* SceneDelegate.m */ = {isa = PBXFileReference; lastKnownFileType = sourcecode.c.objc; path = SceneDelegate.m; sourceTree = "<group>"; };
		A47AB40C27B24993001F1D9C /* ViewController.h */ = {isa = PBXFileReference; lastKnownFileType = sourcecode.c.h; path = ViewController.h; sourceTree = "<group>"; };
		A47AB40D27B24993001F1D9C /* ViewController.m */ = {isa = PBXFileReference; lastKnownFileType = sourcecode.c.objc; path = ViewController.m; sourceTree = "<group>"; };
		A47AB41027B24993001F1D9C /* Base */ = {isa = PBXFileReference; lastKnownFileType = file.storyboard; name = Base; path = Base.lproj/Main.storyboard; sourceTree = "<group>"; };
		A47AB41227B24996001F1D9C /* Assets.xcassets */ = {isa = PBXFileReference; lastKnownFileType = folder.assetcatalog; path = Assets.xcassets; sourceTree = "<group>"; };
		A47AB41527B24996001F1D9C /* Base */ = {isa = PBXFileReference; lastKnownFileType = file.storyboard; name = Base; path = Base.lproj/LaunchScreen.storyboard; sourceTree = "<group>"; };
		A47AB41727B24996001F1D9C /* Info.plist */ = {isa = PBXFileReference; lastKnownFileType = text.plist.xml; path = Info.plist; sourceTree = "<group>"; };
		A47AB41827B24996001F1D9C /* main.m */ = {isa = PBXFileReference; lastKnownFileType = sourcecode.c.objc; path = main.m; sourceTree = "<group>"; };
		A47AB42427B24FCB001F1D9C /* ViewController.cpp */ = {isa = PBXFileReference; lastKnownFileType = sourcecode.cpp.cpp; path = ViewController.cpp; sourceTree = "<group>"; };
		A47AB42527B25035001F1D9C /* 数据结构.h */ = {isa = PBXFileReference; lastKnownFileType = sourcecode.c.h; path = "数据结构.h"; sourceTree = "<group>"; };
/* End PBXFileReference section */

/* Begin PBXFrameworksBuildPhase section */
		A47AB40027B24993001F1D9C /* Frameworks */ = {
			isa = PBXFrameworksBuildPhase;
			buildActionMask = 2147483647;
			files = (
			);
			runOnlyForDeploymentPostprocessing = 0;
		};
/* End PBXFrameworksBuildPhase section */

/* Begin PBXGroup section */
		A47AB3FA27B24993001F1D9C = {
			isa = PBXGroup;
			children = (
				A47AB40527B24993001F1D9C /* Interview-block数据结构 */,
				A47AB40427B24993001F1D9C /* Products */,
			);
			sourceTree = "<group>";
		};
		A47AB40427B24993001F1D9C /* Products */ = {
			isa = PBXGroup;
			children = (
				A47AB40327B24993001F1D9C /* Interview-block数据结构.app */,
			);
			name = Products;
			sourceTree = "<group>";
		};
		A47AB40527B24993001F1D9C /* Interview-block数据结构 */ = {
			isa = PBXGroup;
			children = (
				A47AB42427B24FCB001F1D9C /* ViewController.cpp */,
				A47AB40627B24993001F1D9C /* AppDelegate.h */,
				A47AB40727B24993001F1D9C /* AppDelegate.m */,
				A47AB40927B24993001F1D9C /* SceneDelegate.h */,
				A47AB40A27B24993001F1D9C /* SceneDelegate.m */,
				A47AB40C27B24993001F1D9C /* ViewController.h */,
				A47AB40D27B24993001F1D9C /* ViewController.m */,
				A47AB40F27B24993001F1D9C /* Main.storyboard */,
				A47AB41227B24996001F1D9C /* Assets.xcassets */,
				A47AB41427B24996001F1D9C /* LaunchScreen.storyboard */,
				A47AB41727B24996001F1D9C /* Info.plist */,
				A47AB41827B24996001F1D9C /* main.m */,
				A47AB42527B25035001F1D9C /* 数据结构.h */,
			);
			path = "Interview-block数据结构";
			sourceTree = "<group>";
		};
/* End PBXGroup section */

/* Begin PBXNativeTarget section */
		A47AB40227B24993001F1D9C /* Interview-block数据结构 */ = {
			isa = PBXNativeTarget;
			buildConfigurationList = A47AB41C27B24996001F1D9C /* Build configuration list for PBXNativeTarget "Interview-block数据结构" */;
			buildPhases = (
				A47AB3FF27B24993001F1D9C /* Sources */,
				A47AB40027B24993001F1D9C /* Frameworks */,
				A47AB40127B24993001F1D9C /* Resources */,
			);
			buildRules = (
			);
			dependencies = (
			);
			name = "Interview-block数据结构";
			productName = "Interview-block数据结构";
			productReference = A47AB40327B24993001F1D9C /* Interview-block数据结构.app */;
			productType = "com.apple.product-type.application";
		};
/* End PBXNativeTarget section */

/* Begin PBXProject section */
		A47AB3FB27B24993001F1D9C /* Project object */ = {
			isa = PBXProject;
			attributes = {
				LastUpgradeCheck = 1250;
				TargetAttributes = {
					A47AB40227B24993001F1D9C = {
						CreatedOnToolsVersion = 12.5;
					};
					A47AB41F27B24B9A001F1D9C = {
						CreatedOnToolsVersion = 12.5;
					};
				};
			};
			buildConfigurationList = A47AB3FE27B24993001F1D9C /* Build configuration list for PBXProject "Interview-block数据结构" */;
			compatibilityVersion = "Xcode 9.3";
			developmentRegion = en;
			hasScannedForEncodings = 0;
			knownRegions = (
				en,
				Base,
			);
			mainGroup = A47AB3FA27B24993001F1D9C;
			productRefGroup = A47AB40427B24993001F1D9C /* Products */;
			projectDirPath = "";
			projectRoot = "";
			targets = (
				A47AB40227B24993001F1D9C /* Interview-block数据结构 */,
				A47AB41F27B24B9A001F1D9C /* vccpp */,
			);
		};
/* End PBXProject section */

/* Begin PBXResourcesBuildPhase section */
		A47AB40127B24993001F1D9C /* Resources */ = {
			isa = PBXResourcesBuildPhase;
			buildActionMask = 2147483647;
			files = (
				A47AB41627B24996001F1D9C /* LaunchScreen.storyboard in Resources */,
				A47AB41327B24996001F1D9C /* Assets.xcassets in Resources */,
				A47AB41127B24993001F1D9C /* Main.storyboard in Resources */,
			);
			runOnlyForDeploymentPostprocessing = 0;
		};
/* End PBXResourcesBuildPhase section */

/* Begin PBXShellScriptBuildPhase section */
		A47AB42327B24BA4001F1D9C /* ShellScript */ = {
			isa = PBXShellScriptBuildPhase;
			buildActionMask = 2147483647;
			files = (
			);
			inputFileListPaths = (
			);
			inputPaths = (
			);
			outputFileListPaths = (
			);
			outputPaths = (
			);
			runOnlyForDeploymentPostprocessing = 0;
			shellPath = /bin/sh;
			shellScript = "pushd ${SRCROOT}/Interview-block数据结构\nclang -x objective-c -rewrite-objc -isysroot /Applications/Xcode.app/Contents/Developer/Platforms/iPhoneSimulator.platform/Developer/SDKs/iPhoneSimulator.sdk ${SRCROOT}/Interview-block数据结构/ViewController.m\nopen ViewController.cpp \n";
		};
/* End PBXShellScriptBuildPhase section */

/* Begin PBXSourcesBuildPhase section */
		A47AB3FF27B24993001F1D9C /* Sources */ = {
			isa = PBXSourcesBuildPhase;
			buildActionMask = 2147483647;
			files = (
				A47AB40E27B24993001F1D9C /* ViewController.m in Sources */,
				A47AB40827B24993001F1D9C /* AppDelegate.m in Sources */,
				A47AB41927B24996001F1D9C /* main.m in Sources */,
				A47AB40B27B24993001F1D9C /* SceneDelegate.m in Sources */,
			);
			runOnlyForDeploymentPostprocessing = 0;
		};
/* End PBXSourcesBuildPhase section */

/* Begin PBXVariantGroup section */
		A47AB40F27B24993001F1D9C /* Main.storyboard */ = {
			isa = PBXVariantGroup;
			children = (
				A47AB41027B24993001F1D9C /* Base */,
			);
			name = Main.storyboard;
			sourceTree = "<group>";
		};
		A47AB41427B24996001F1D9C /* LaunchScreen.storyboard */ = {
			isa = PBXVariantGroup;
			children = (
				A47AB41527B24996001F1D9C /* Base */,
			);
			name = LaunchScreen.storyboard;
			sourceTree = "<group>";
		};
/* End PBXVariantGroup section */

/* Begin XCBuildConfiguration section */
		A47AB41A27B24996001F1D9C /* Debug */ = {
			isa = XCBuildConfiguration;
			buildSettings = {
				ALWAYS_SEARCH_USER_PATHS = NO;
				CLANG_ANALYZER_NONNULL = YES;
				CLANG_ANALYZER_NUMBER_OBJECT_CONVERSION = YES_AGGRESSIVE;
				CLANG_CXX_LANGUAGE_STANDARD = "gnu++14";
				CLANG_CXX_LIBRARY = "libc++";
				CLANG_ENABLE_MODULES = YES;
				CLANG_ENABLE_OBJC_ARC = YES;
				CLANG_ENABLE_OBJC_WEAK = YES;
				CLANG_WARN_BLOCK_CAPTURE_AUTORELEASING = YES;
				CLANG_WARN_BOOL_CONVERSION = YES;
				CLANG_WARN_COMMA = YES;
				CLANG_WARN_CONSTANT_CONVERSION = YES;
				CLANG_WARN_DEPRECATED_OBJC_IMPLEMENTATIONS = YES;
				CLANG_WARN_DIRECT_OBJC_ISA_USAGE = YES_ERROR;
				CLANG_WARN_DOCUMENTATION_COMMENTS = YES;
				CLANG_WARN_EMPTY_BODY = YES;
				CLANG_WARN_ENUM_CONVERSION = YES;
				CLANG_WARN_INFINITE_RECURSION = YES;
				CLANG_WARN_INT_CONVERSION = YES;
				CLANG_WARN_NON_LITERAL_NULL_CONVERSION = YES;
				CLANG_WARN_OBJC_IMPLICIT_RETAIN_SELF = YES;
				CLANG_WARN_OBJC_LITERAL_CONVERSION = YES;
				CLANG_WARN_OBJC_ROOT_CLASS = YES_ERROR;
				CLANG_WARN_QUOTED_INCLUDE_IN_FRAMEWORK_HEADER = YES;
				CLANG_WARN_RANGE_LOOP_ANALYSIS = YES;
				CLANG_WARN_STRICT_PROTOTYPES = YES;
				CLANG_WARN_SUSPICIOUS_MOVE = YES;
				CLANG_WARN_UNGUARDED_AVAILABILITY = YES_AGGRESSIVE;
				CLANG_WARN_UNREACHABLE_CODE = YES;
				CLANG_WARN__DUPLICATE_METHOD_MATCH = YES;
				COPY_PHASE_STRIP = NO;
				DEBUG_INFORMATION_FORMAT = dwarf;
				ENABLE_STRICT_OBJC_MSGSEND = YES;
				ENABLE_TESTABILITY = YES;
				GCC_C_LANGUAGE_STANDARD = gnu11;
				GCC_DYNAMIC_NO_PIC = NO;
				GCC_NO_COMMON_BLOCKS = YES;
				GCC_OPTIMIZATION_LEVEL = 0;
				GCC_PREPROCESSOR_DEFINITIONS = (
					"DEBUG=1",
					"$(inherited)",
				);
				GCC_WARN_64_TO_32_BIT_CONVERSION = YES;
				GCC_WARN_ABOUT_RETURN_TYPE = YES_ERROR;
				GCC_WARN_UNDECLARED_SELECTOR = YES;
				GCC_WARN_UNINITIALIZED_AUTOS = YES_AGGRESSIVE;
				GCC_WARN_UNUSED_FUNCTION = YES;
				GCC_WARN_UNUSED_VARIABLE = YES;
				IPHONEOS_DEPLOYMENT_TARGET = 14.5;
				MTL_ENABLE_DEBUG_INFO = INCLUDE_SOURCE;
				MTL_FAST_MATH = YES;
				ONLY_ACTIVE_ARCH = YES;
				SDKROOT = iphoneos;
			};
			name = Debug;
		};
		A47AB41B27B24996001F1D9C /* Release */ = {
			isa = XCBuildConfiguration;
			buildSettings = {
				ALWAYS_SEARCH_USER_PATHS = NO;
				CLANG_ANALYZER_NONNULL = YES;
				CLANG_ANALYZER_NUMBER_OBJECT_CONVERSION = YES_AGGRESSIVE;
				CLANG_CXX_LANGUAGE_STANDARD = "gnu++14";
				CLANG_CXX_LIBRARY = "libc++";
				CLANG_ENABLE_MODULES = YES;
				CLANG_ENABLE_OBJC_ARC = YES;
				CLANG_ENABLE_OBJC_WEAK = YES;
				CLANG_WARN_BLOCK_CAPTURE_AUTORELEASING = YES;
				CLANG_WARN_BOOL_CONVERSION = YES;
				CLANG_WARN_COMMA = YES;
				CLANG_WARN_CONSTANT_CONVERSION = YES;
				CLANG_WARN_DEPRECATED_OBJC_IMPLEMENTATIONS = YES;
				CLANG_WARN_DIRECT_OBJC_ISA_USAGE = YES_ERROR;
				CLANG_WARN_DOCUMENTATION_COMMENTS = YES;
				CLANG_WARN_EMPTY_BODY = YES;
				CLANG_WARN_ENUM_CONVERSION = YES;
				CLANG_WARN_INFINITE_RECURSION = YES;
				CLANG_WARN_INT_CONVERSION = YES;
				CLANG_WARN_NON_LITERAL_NULL_CONVERSION = YES;
				CLANG_WARN_OBJC_IMPLICIT_RETAIN_SELF = YES;
				CLANG_WARN_OBJC_LITERAL_CONVERSION = YES;
				CLANG_WARN_OBJC_ROOT_CLASS = YES_ERROR;
				CLANG_WARN_QUOTED_INCLUDE_IN_FRAMEWORK_HEADER = YES;
				CLANG_WARN_RANGE_LOOP_ANALYSIS = YES;
				CLANG_WARN_STRICT_PROTOTYPES = YES;
				CLANG_WARN_SUSPICIOUS_MOVE = YES;
				CLANG_WARN_UNGUARDED_AVAILABILITY = YES_AGGRESSIVE;
				CLANG_WARN_UNREACHABLE_CODE = YES;
				CLANG_WARN__DUPLICATE_METHOD_MATCH = YES;
				COPY_PHASE_STRIP = NO;
				DEBUG_INFORMATION_FORMAT = "dwarf-with-dsym";
				ENABLE_NS_ASSERTIONS = NO;
				ENABLE_STRICT_OBJC_MSGSEND = YES;
				GCC_C_LANGUAGE_STANDARD = gnu11;
				GCC_NO_COMMON_BLOCKS = YES;
				GCC_WARN_64_TO_32_BIT_CONVERSION = YES;
				GCC_WARN_ABOUT_RETURN_TYPE = YES_ERROR;
				GCC_WARN_UNDECLARED_SELECTOR = YES;
				GCC_WARN_UNINITIALIZED_AUTOS = YES_AGGRESSIVE;
				GCC_WARN_UNUSED_FUNCTION = YES;
				GCC_WARN_UNUSED_VARIABLE = YES;
				IPHONEOS_DEPLOYMENT_TARGET = 14.5;
				MTL_ENABLE_DEBUG_INFO = NO;
				MTL_FAST_MATH = YES;
				SDKROOT = iphoneos;
				VALIDATE_PRODUCT = YES;
			};
			name = Release;
		};
		A47AB41D27B24996001F1D9C /* Debug */ = {
			isa = XCBuildConfiguration;
			buildSettings = {
				ASSETCATALOG_COMPILER_APPICON_NAME = AppIcon;
				ASSETCATALOG_COMPILER_GLOBAL_ACCENT_COLOR_NAME = AccentColor;
				CODE_SIGN_STYLE = Automatic;
				INFOPLIST_FILE = "Interview-block数据结构/Info.plist";
				LD_RUNPATH_SEARCH_PATHS = (
					"$(inherited)",
					"@executable_path/Frameworks",
				);
				PRODUCT_BUNDLE_IDENTIFIER = "-1.Interview-block----";
				PRODUCT_NAME = "$(TARGET_NAME)";
				TARGETED_DEVICE_FAMILY = "1,2";
			};
			name = Debug;
		};
		A47AB41E27B24996001F1D9C /* Release */ = {
			isa = XCBuildConfiguration;
			buildSettings = {
				ASSETCATALOG_COMPILER_APPICON_NAME = AppIcon;
				ASSETCATALOG_COMPILER_GLOBAL_ACCENT_COLOR_NAME = AccentColor;
				CODE_SIGN_STYLE = Automatic;
				INFOPLIST_FILE = "Interview-block数据结构/Info.plist";
				LD_RUNPATH_SEARCH_PATHS = (
					"$(inherited)",
					"@executable_path/Frameworks",
				);
				PRODUCT_BUNDLE_IDENTIFIER = "-1.Interview-block----";
				PRODUCT_NAME = "$(TARGET_NAME)";
				TARGETED_DEVICE_FAMILY = "1,2";
			};
			name = Release;
		};
		A47AB42127B24B9A001F1D9C /* Debug */ = {
			isa = XCBuildConfiguration;
			buildSettings = {
				CODE_SIGN_STYLE = Automatic;
				PRODUCT_NAME = "$(TARGET_NAME)";
			};
			name = Debug;
		};
		A47AB42227B24B9A001F1D9C /* Release */ = {
			isa = XCBuildConfiguration;
			buildSettings = {
				CODE_SIGN_STYLE = Automatic;
				PRODUCT_NAME = "$(TARGET_NAME)";
			};
			name = Release;
		};
/* End XCBuildConfiguration section */

/* Begin XCConfigurationList section */
		A47AB3FE27B24993001F1D9C /* Build configuration list for PBXProject "Interview-block数据结构" */ = {
			isa = XCConfigurationList;
			buildConfigurations = (
				A47AB41A27B24996001F1D9C /* Debug */,
				A47AB41B27B24996001F1D9C /* Release */,
			);
			defaultConfigurationIsVisible = 0;
			defaultConfigurationName = Release;
		};
		A47AB41C27B24996001F1D9C /* Build configuration list for PBXNativeTarget "Interview-block数据结构" */ = {
			isa = XCConfigurationList;
			buildConfigurations = (
				A47AB41D27B24996001F1D9C /* Debug */,
				A47AB41E27B24996001F1D9C /* Release */,
			);
			defaultConfigurationIsVisible = 0;
			defaultConfigurationName = Release;
		};
		A47AB42027B24B9A001F1D9C /* Build configuration list for PBXAggregateTarget "vccpp" */ = {
			isa = XCConfigurationList;
			buildConfigurations = (
				A47AB42127B24B9A001F1D9C /* Debug */,
				A47AB42227B24B9A001F1D9C /* Release */,
			);
			defaultConfigurationIsVisible = 0;
			defaultConfigurationName = Release;
		};
/* End XCConfigurationList section */
	};
	rootObject = A47AB3FB27B24993001F1D9C /* Project object */;
}
