// !$*UTF8*$!
{
	archiveVersion = 1;
	classes = {
	};
	objectVersion = 50;
	objects = {

/* Begin PBXBuildFile section */
		A4EC37592793168500B90E85 /* AppDelegate.m in Sources */ = {isa = PBXBuildFile; fileRef = A4EC37582793168500B90E85 /* AppDelegate.m */; };
		A4EC375C2793168500B90E85 /* SceneDelegate.m in Sources */ = {isa = PBXBuildFile; fileRef = A4EC375B2793168500B90E85 /* SceneDelegate.m */; };
		A4EC375F2793168500B90E85 /* ViewController.m in Sources */ = {isa = PBXBuildFile; fileRef = A4EC375E2793168500B90E85 /* ViewController.m */; };
		A4EC37622793168500B90E85 /* Main.storyboard in Resources */ = {isa = PBXBuildFile; fileRef = A4EC37602793168500B90E85 /* Main.storyboard */; };
		A4EC37642793168600B90E85 /* Assets.xcassets in Resources */ = {isa = PBXBuildFile; fileRef = A4EC37632793168600B90E85 /* Assets.xcassets */; };
		A4EC37672793168600B90E85 /* LaunchScreen.storyboard in Resources */ = {isa = PBXBuildFile; fileRef = A4EC37652793168600B90E85 /* LaunchScreen.storyboard */; };
		A4EC376A2793168600B90E85 /* main.m in Sources */ = {isa = PBXBuildFile; fileRef = A4EC37692793168600B90E85 /* main.m */; };
		A4EC3772279316A700B90E85 /* ZYYObject.m in Sources */ = {isa = PBXBuildFile; fileRef = A4EC3771279316A700B90E85 /* ZYYObject.m */; };
		A4EC3775279316DE00B90E85 /* ZYYObserver.m in Sources */ = {isa = PBXBuildFile; fileRef = A4EC3774279316DE00B90E85 /* ZYYObserver.m */; };
/* End PBXBuildFile section */

/* Begin PBXFileReference section */
		A4EC37542793168500B90E85 /* KVO.app */ = {isa = PBXFileReference; explicitFileType = wrapper.application; includeInIndex = 0; path = KVO.app; sourceTree = BUILT_PRODUCTS_DIR; };
		A4EC37572793168500B90E85 /* AppDelegate.h */ = {isa = PBXFileReference; lastKnownFileType = sourcecode.c.h; path = AppDelegate.h; sourceTree = "<group>"; };
		A4EC37582793168500B90E85 /* AppDelegate.m */ = {isa = PBXFileReference; lastKnownFileType = sourcecode.c.objc; path = AppDelegate.m; sourceTree = "<group>"; };
		A4EC375A2793168500B90E85 /* SceneDelegate.h */ = {isa = PBXFileReference; lastKnownFileType = sourcecode.c.h; path = SceneDelegate.h; sourceTree = "<group>"; };
		A4EC375B2793168500B90E85 /* SceneDelegate.m */ = {isa = PBXFileReference; lastKnownFileType = sourcecode.c.objc; path = SceneDelegate.m; sourceTree = "<group>"; };
		A4EC375D2793168500B90E85 /* ViewController.h */ = {isa = PBXFileReference; lastKnownFileType = sourcecode.c.h; path = ViewController.h; sourceTree = "<group>"; };
		A4EC375E2793168500B90E85 /* ViewController.m */ = {isa = PBXFileReference; lastKnownFileType = sourcecode.c.objc; path = ViewController.m; sourceTree = "<group>"; };
		A4EC37612793168500B90E85 /* Base */ = {isa = PBXFileReference; lastKnownFileType = file.storyboard; name = Base; path = Base.lproj/Main.storyboard; sourceTree = "<group>"; };
		A4EC37632793168600B90E85 /* Assets.xcassets */ = {isa = PBXFileReference; lastKnownFileType = folder.assetcatalog; path = Assets.xcassets; sourceTree = "<group>"; };
		A4EC37662793168600B90E85 /* Base */ = {isa = PBXFileReference; lastKnownFileType = file.storyboard; name = Base; path = Base.lproj/LaunchScreen.storyboard; sourceTree = "<group>"; };
		A4EC37682793168600B90E85 /* Info.plist */ = {isa = PBXFileReference; lastKnownFileType = text.plist.xml; path = Info.plist; sourceTree = "<group>"; };
		A4EC37692793168600B90E85 /* main.m */ = {isa = PBXFileReference; lastKnownFileType = sourcecode.c.objc; path = main.m; sourceTree = "<group>"; };
		A4EC3770279316A700B90E85 /* ZYYObject.h */ = {isa = PBXFileReference; lastKnownFileType = sourcecode.c.h; path = ZYYObject.h; sourceTree = "<group>"; };
		A4EC3771279316A700B90E85 /* ZYYObject.m */ = {isa = PBXFileReference; lastKnownFileType = sourcecode.c.objc; path = ZYYObject.m; sourceTree = "<group>"; };
		A4EC3773279316DE00B90E85 /* ZYYObserver.h */ = {isa = PBXFileReference; lastKnownFileType = sourcecode.c.h; path = ZYYObserver.h; sourceTree = "<group>"; };
		A4EC3774279316DE00B90E85 /* ZYYObserver.m */ = {isa = PBXFileReference; lastKnownFileType = sourcecode.c.objc; path = ZYYObserver.m; sourceTree = "<group>"; };
/* End PBXFileReference section */

/* Begin PBXFrameworksBuildPhase section */
		A4EC37512793168500B90E85 /* Frameworks */ = {
			isa = PBXFrameworksBuildPhase;
			buildActionMask = 2147483647;
			files = (
			);
			runOnlyForDeploymentPostprocessing = 0;
		};
/* End PBXFrameworksBuildPhase section */

/* Begin PBXGroup section */
		A4EC374B2793168500B90E85 = {
			isa = PBXGroup;
			children = (
				A4EC37562793168500B90E85 /* KVO */,
				A4EC37552793168500B90E85 /* Products */,
			);
			sourceTree = "<group>";
		};
		A4EC37552793168500B90E85 /* Products */ = {
			isa = PBXGroup;
			children = (
				A4EC37542793168500B90E85 /* KVO.app */,
			);
			name = Products;
			sourceTree = "<group>";
		};
		A4EC37562793168500B90E85 /* KVO */ = {
			isa = PBXGroup;
			children = (
				A4EC37572793168500B90E85 /* AppDelegate.h */,
				A4EC37582793168500B90E85 /* AppDelegate.m */,
				A4EC375A2793168500B90E85 /* SceneDelegate.h */,
				A4EC375B2793168500B90E85 /* SceneDelegate.m */,
				A4EC375D2793168500B90E85 /* ViewController.h */,
				A4EC375E2793168500B90E85 /* ViewController.m */,
				A4EC37602793168500B90E85 /* Main.storyboard */,
				A4EC37632793168600B90E85 /* Assets.xcassets */,
				A4EC37652793168600B90E85 /* LaunchScreen.storyboard */,
				A4EC37682793168600B90E85 /* Info.plist */,
				A4EC37692793168600B90E85 /* main.m */,
				A4EC3770279316A700B90E85 /* ZYYObject.h */,
				A4EC3771279316A700B90E85 /* ZYYObject.m */,
				A4EC3773279316DE00B90E85 /* ZYYObserver.h */,
				A4EC3774279316DE00B90E85 /* ZYYObserver.m */,
			);
			path = KVO;
			sourceTree = "<group>";
		};
/* End PBXGroup section */

/* Begin PBXNativeTarget section */
		A4EC37532793168500B90E85 /* KVO */ = {
			isa = PBXNativeTarget;
			buildConfigurationList = A4EC376D2793168600B90E85 /* Build configuration list for PBXNativeTarget "KVO" */;
			buildPhases = (
				A4EC37502793168500B90E85 /* Sources */,
				A4EC37512793168500B90E85 /* Frameworks */,
				A4EC37522793168500B90E85 /* Resources */,
			);
			buildRules = (
			);
			dependencies = (
			);
			name = KVO;
			productName = KVO;
			productReference = A4EC37542793168500B90E85 /* KVO.app */;
			productType = "com.apple.product-type.application";
		};
/* End PBXNativeTarget section */

/* Begin PBXProject section */
		A4EC374C2793168500B90E85 /* Project object */ = {
			isa = PBXProject;
			attributes = {
				LastUpgradeCheck = 1250;
				TargetAttributes = {
					A4EC37532793168500B90E85 = {
						CreatedOnToolsVersion = 12.5;
					};
				};
			};
			buildConfigurationList = A4EC374F2793168500B90E85 /* Build configuration list for PBXProject "KVO" */;
			compatibilityVersion = "Xcode 9.3";
			developmentRegion = en;
			hasScannedForEncodings = 0;
			knownRegions = (
				en,
				Base,
			);
			mainGroup = A4EC374B2793168500B90E85;
			productRefGroup = A4EC37552793168500B90E85 /* Products */;
			projectDirPath = "";
			projectRoot = "";
			targets = (
				A4EC37532793168500B90E85 /* KVO */,
			);
		};
/* End PBXProject section */

/* Begin PBXResourcesBuildPhase section */
		A4EC37522793168500B90E85 /* Resources */ = {
			isa = PBXResourcesBuildPhase;
			buildActionMask = 2147483647;
			files = (
				A4EC37672793168600B90E85 /* LaunchScreen.storyboard in Resources */,
				A4EC37642793168600B90E85 /* Assets.xcassets in Resources */,
				A4EC37622793168500B90E85 /* Main.storyboard in Resources */,
			);
			runOnlyForDeploymentPostprocessing = 0;
		};
/* End PBXResourcesBuildPhase section */

/* Begin PBXSourcesBuildPhase section */
		A4EC37502793168500B90E85 /* Sources */ = {
			isa = PBXSourcesBuildPhase;
			buildActionMask = 2147483647;
			files = (
				A4EC375F2793168500B90E85 /* ViewController.m in Sources */,
				A4EC3772279316A700B90E85 /* ZYYObject.m in Sources */,
				A4EC3775279316DE00B90E85 /* ZYYObserver.m in Sources */,
				A4EC37592793168500B90E85 /* AppDelegate.m in Sources */,
				A4EC376A2793168600B90E85 /* main.m in Sources */,
				A4EC375C2793168500B90E85 /* SceneDelegate.m in Sources */,
			);
			runOnlyForDeploymentPostprocessing = 0;
		};
/* End PBXSourcesBuildPhase section */

/* Begin PBXVariantGroup section */
		A4EC37602793168500B90E85 /* Main.storyboard */ = {
			isa = PBXVariantGroup;
			children = (
				A4EC37612793168500B90E85 /* Base */,
			);
			name = Main.storyboard;
			sourceTree = "<group>";
		};
		A4EC37652793168600B90E85 /* LaunchScreen.storyboard */ = {
			isa = PBXVariantGroup;
			children = (
				A4EC37662793168600B90E85 /* Base */,
			);
			name = LaunchScreen.storyboard;
			sourceTree = "<group>";
		};
/* End PBXVariantGroup section */

/* Begin XCBuildConfiguration section */
		A4EC376B2793168600B90E85 /* Debug */ = {
			isa = XCBuildConfiguration;
			buildSettings = {
				ALWAYS_SEARCH_USER_PATHS = NO;
				CLANG_ANALYZER_NONNULL = YES;
				CLANG_ANALYZER_NUMBER_OBJECT_CONVERSION = YES_AGGRESSIVE;
				CLANG_CXX_LANGUAGE_STANDARD = "gnu++14";
				CLANG_CXX_LIBRARY = "libc++";
				CLANG_ENABLE_MODULES = YES;
				CLANG_ENABLE_OBJC_ARC = YES;
				CLANG_ENABLE_OBJC_WEAK = YES;
				CLANG_WARN_BLOCK_CAPTURE_AUTORELEASING = YES;
				CLANG_WARN_BOOL_CONVERSION = YES;
				CLANG_WARN_COMMA = YES;
				CLANG_WARN_CONSTANT_CONVERSION = YES;
				CLANG_WARN_DEPRECATED_OBJC_IMPLEMENTATIONS = YES;
				CLANG_WARN_DIRECT_OBJC_ISA_USAGE = YES_ERROR;
				CLANG_WARN_DOCUMENTATION_COMMENTS = YES;
				CLANG_WARN_EMPTY_BODY = YES;
				CLANG_WARN_ENUM_CONVERSION = YES;
				CLANG_WARN_INFINITE_RECURSION = YES;
				CLANG_WARN_INT_CONVERSION = YES;
				CLANG_WARN_NON_LITERAL_NULL_CONVERSION = YES;
				CLANG_WARN_OBJC_IMPLICIT_RETAIN_SELF = YES;
				CLANG_WARN_OBJC_LITERAL_CONVERSION = YES;
				CLANG_WARN_OBJC_ROOT_CLASS = YES_ERROR;
				CLANG_WARN_QUOTED_INCLUDE_IN_FRAMEWORK_HEADER = YES;
				CLANG_WARN_RANGE_LOOP_ANALYSIS = YES;
				CLANG_WARN_STRICT_PROTOTYPES = YES;
				CLANG_WARN_SUSPICIOUS_MOVE = YES;
				CLANG_WARN_UNGUARDED_AVAILABILITY = YES_AGGRESSIVE;
				CLANG_WARN_UNREACHABLE_CODE = YES;
				CLANG_WARN__DUPLICATE_METHOD_MATCH = YES;
				COPY_PHASE_STRIP = NO;
				DEBUG_INFORMATION_FORMAT = dwarf;
				ENABLE_STRICT_OBJC_MSGSEND = YES;
				ENABLE_TESTABILITY = YES;
				GCC_C_LANGUAGE_STANDARD = gnu11;
				GCC_DYNAMIC_NO_PIC = NO;
				GCC_NO_COMMON_BLOCKS = YES;
				GCC_OPTIMIZATION_LEVEL = 0;
				GCC_PREPROCESSOR_DEFINITIONS = (
					"DEBUG=1",
					"$(inherited)",
				);
				GCC_WARN_64_TO_32_BIT_CONVERSION = YES;
				GCC_WARN_ABOUT_RETURN_TYPE = YES_ERROR;
				GCC_WARN_UNDECLARED_SELECTOR = YES;
				GCC_WARN_UNINITIALIZED_AUTOS = YES_AGGRESSIVE;
				GCC_WARN_UNUSED_FUNCTION = YES;
				GCC_WARN_UNUSED_VARIABLE = YES;
				IPHONEOS_DEPLOYMENT_TARGET = 14.5;
				MTL_ENABLE_DEBUG_INFO = INCLUDE_SOURCE;
				MTL_FAST_MATH = YES;
				ONLY_ACTIVE_ARCH = YES;
				SDKROOT = iphoneos;
			};
			name = Debug;
		};
		A4EC376C2793168600B90E85 /* Release */ = {
			isa = XCBuildConfiguration;
			buildSettings = {
				ALWAYS_SEARCH_USER_PATHS = NO;
				CLANG_ANALYZER_NONNULL = YES;
				CLANG_ANALYZER_NUMBER_OBJECT_CONVERSION = YES_AGGRESSIVE;
				CLANG_CXX_LANGUAGE_STANDARD = "gnu++14";
				CLANG_CXX_LIBRARY = "libc++";
				CLANG_ENABLE_MODULES = YES;
				CLANG_ENABLE_OBJC_ARC = YES;
				CLANG_ENABLE_OBJC_WEAK = YES;
				CLANG_WARN_BLOCK_CAPTURE_AUTORELEASING = YES;
				CLANG_WARN_BOOL_CONVERSION = YES;
				CLANG_WARN_COMMA = YES;
				CLANG_WARN_CONSTANT_CONVERSION = YES;
				CLANG_WARN_DEPRECATED_OBJC_IMPLEMENTATIONS = YES;
				CLANG_WARN_DIRECT_OBJC_ISA_USAGE = YES_ERROR;
				CLANG_WARN_DOCUMENTATION_COMMENTS = YES;
				CLANG_WARN_EMPTY_BODY = YES;
				CLANG_WARN_ENUM_CONVERSION = YES;
				CLANG_WARN_INFINITE_RECURSION = YES;
				CLANG_WARN_INT_CONVERSION = YES;
				CLANG_WARN_NON_LITERAL_NULL_CONVERSION = YES;
				CLANG_WARN_OBJC_IMPLICIT_RETAIN_SELF = YES;
				CLANG_WARN_OBJC_LITERAL_CONVERSION = YES;
				CLANG_WARN_OBJC_ROOT_CLASS = YES_ERROR;
				CLANG_WARN_QUOTED_INCLUDE_IN_FRAMEWORK_HEADER = YES;
				CLANG_WARN_RANGE_LOOP_ANALYSIS = YES;
				CLANG_WARN_STRICT_PROTOTYPES = YES;
				CLANG_WARN_SUSPICIOUS_MOVE = YES;
				CLANG_WARN_UNGUARDED_AVAILABILITY = YES_AGGRESSIVE;
				CLANG_WARN_UNREACHABLE_CODE = YES;
				CLANG_WARN__DUPLICATE_METHOD_MATCH = YES;
				COPY_PHASE_STRIP = NO;
				DEBUG_INFORMATION_FORMAT = "dwarf-with-dsym";
				ENABLE_NS_ASSERTIONS = NO;
				ENABLE_STRICT_OBJC_MSGSEND = YES;
				GCC_C_LANGUAGE_STANDARD = gnu11;
				GCC_NO_COMMON_BLOCKS = YES;
				GCC_WARN_64_TO_32_BIT_CONVERSION = YES;
				GCC_WARN_ABOUT_RETURN_TYPE = YES_ERROR;
				GCC_WARN_UNDECLARED_SELECTOR = YES;
				GCC_WARN_UNINITIALIZED_AUTOS = YES_AGGRESSIVE;
				GCC_WARN_UNUSED_FUNCTION = YES;
				GCC_WARN_UNUSED_VARIABLE = YES;
				IPHONEOS_DEPLOYMENT_TARGET = 14.5;
				MTL_ENABLE_DEBUG_INFO = NO;
				MTL_FAST_MATH = YES;
				SDKROOT = iphoneos;
				VALIDATE_PRODUCT = YES;
			};
			name = Release;
		};
		A4EC376E2793168600B90E85 /* Debug */ = {
			isa = XCBuildConfiguration;
			buildSettings = {
				ASSETCATALOG_COMPILER_APPICON_NAME = AppIcon;
				ASSETCATALOG_COMPILER_GLOBAL_ACCENT_COLOR_NAME = AccentColor;
				CODE_SIGN_STYLE = Automatic;
				INFOPLIST_FILE = KVO/Info.plist;
				LD_RUNPATH_SEARCH_PATHS = (
					"$(inherited)",
					"@executable_path/Frameworks",
				);
				PRODUCT_BUNDLE_IDENTIFIER = "-1.KVO";
				PRODUCT_NAME = "$(TARGET_NAME)";
				TARGETED_DEVICE_FAMILY = "1,2";
			};
			name = Debug;
		};
		A4EC376F2793168600B90E85 /* Release */ = {
			isa = XCBuildConfiguration;
			buildSettings = {
				ASSETCATALOG_COMPILER_APPICON_NAME = AppIcon;
				ASSETCATALOG_COMPILER_GLOBAL_ACCENT_COLOR_NAME = AccentColor;
				CODE_SIGN_STYLE = Automatic;
				INFOPLIST_FILE = KVO/Info.plist;
				LD_RUNPATH_SEARCH_PATHS = (
					"$(inherited)",
					"@executable_path/Frameworks",
				);
				PRODUCT_BUNDLE_IDENTIFIER = "-1.KVO";
				PRODUCT_NAME = "$(TARGET_NAME)";
				TARGETED_DEVICE_FAMILY = "1,2";
			};
			name = Release;
		};
/* End XCBuildConfiguration section */

/* Begin XCConfigurationList section */
		A4EC374F2793168500B90E85 /* Build configuration list for PBXProject "KVO" */ = {
			isa = XCConfigurationList;
			buildConfigurations = (
				A4EC376B2793168600B90E85 /* Debug */,
				A4EC376C2793168600B90E85 /* Release */,
			);
			defaultConfigurationIsVisible = 0;
			defaultConfigurationName = Release;
		};
		A4EC376D2793168600B90E85 /* Build configuration list for PBXNativeTarget "KVO" */ = {
			isa = XCConfigurationList;
			buildConfigurations = (
				A4EC376E2793168600B90E85 /* Debug */,
				A4EC376F2793168600B90E85 /* Release */,
			);
			defaultConfigurationIsVisible = 0;
			defaultConfigurationName = Release;
		};
/* End XCConfigurationList section */
	};
	rootObject = A4EC374C2793168500B90E85 /* Project object */;
}
