// !$*UTF8*$!
{
	archiveVersion = 1;
	classes = {
	};
	objectVersion = 55;
	objects = {

/* Begin PBXBuildFile section */
		A49287B82860794B00EC7628 /* VC1.m in Sources */ = {isa = PBXBuildFile; fileRef = A49287B62860794B00EC7628 /* VC1.m */; };
		A49287BB2860797200EC7628 /* TestAniView.m in Sources */ = {isa = PBXBuildFile; fileRef = A49287BA2860797200EC7628 /* TestAniView.m */; };
		A49287BE28607A7300EC7628 /* VC2.m in Sources */ = {isa = PBXBuildFile; fileRef = A49287BC28607A7200EC7628 /* VC2.m */; };
		A49287C128607B5900EC7628 /* VC3.m in Sources */ = {isa = PBXBuildFile; fileRef = A49287C028607B5900EC7628 /* VC3.m */; };
		A4F94C8D2860668F00B7AE6D /* AppDelegate.m in Sources */ = {isa = PBXBuildFile; fileRef = A4F94C8C2860668F00B7AE6D /* AppDelegate.m */; };
		A4F94C902860668F00B7AE6D /* SceneDelegate.m in Sources */ = {isa = PBXBuildFile; fileRef = A4F94C8F2860668F00B7AE6D /* SceneDelegate.m */; };
		A4F94C932860668F00B7AE6D /* ViewController.m in Sources */ = {isa = PBXBuildFile; fileRef = A4F94C922860668F00B7AE6D /* ViewController.m */; };
		A4F94C962860668F00B7AE6D /* Main.storyboard in Resources */ = {isa = PBXBuildFile; fileRef = A4F94C942860668F00B7AE6D /* Main.storyboard */; };
		A4F94C982860669100B7AE6D /* Assets.xcassets in Resources */ = {isa = PBXBuildFile; fileRef = A4F94C972860669100B7AE6D /* Assets.xcassets */; };
		A4F94C9B2860669100B7AE6D /* LaunchScreen.storyboard in Resources */ = {isa = PBXBuildFile; fileRef = A4F94C992860669100B7AE6D /* LaunchScreen.storyboard */; };
		A4F94C9E2860669100B7AE6D /* main.m in Sources */ = {isa = PBXBuildFile; fileRef = A4F94C9D2860669100B7AE6D /* main.m */; };
		A4F94CA62860669B00B7AE6D /* ZYYView.m in Sources */ = {isa = PBXBuildFile; fileRef = A4F94CA42860669B00B7AE6D /* ZYYView.m */; };
/* End PBXBuildFile section */

/* Begin PBXFileReference section */
		A49287B62860794B00EC7628 /* VC1.m */ = {isa = PBXFileReference; fileEncoding = 4; lastKnownFileType = sourcecode.c.objc; name = VC1.m; path = "../../../Interview-UI/Interview-UI/VC1.m"; sourceTree = "<group>"; };
		A49287B72860794B00EC7628 /* VC1.h */ = {isa = PBXFileReference; fileEncoding = 4; lastKnownFileType = sourcecode.c.h; name = VC1.h; path = "../../../Interview-UI/Interview-UI/VC1.h"; sourceTree = "<group>"; };
		A49287B92860797200EC7628 /* TestAniView.h */ = {isa = PBXFileReference; fileEncoding = 4; lastKnownFileType = sourcecode.c.h; name = TestAniView.h; path = "../../../Interview-UI/Interview-UI/TestAniView.h"; sourceTree = "<group>"; };
		A49287BA2860797200EC7628 /* TestAniView.m */ = {isa = PBXFileReference; fileEncoding = 4; lastKnownFileType = sourcecode.c.objc; name = TestAniView.m; path = "../../../Interview-UI/Interview-UI/TestAniView.m"; sourceTree = "<group>"; };
		A49287BC28607A7200EC7628 /* VC2.m */ = {isa = PBXFileReference; fileEncoding = 4; lastKnownFileType = sourcecode.c.objc; name = VC2.m; path = "../../../Interview-UI/Interview-UI/VC2.m"; sourceTree = "<group>"; };
		A49287BD28607A7300EC7628 /* VC2.h */ = {isa = PBXFileReference; fileEncoding = 4; lastKnownFileType = sourcecode.c.h; name = VC2.h; path = "../../../Interview-UI/Interview-UI/VC2.h"; sourceTree = "<group>"; };
		A49287BF28607B5800EC7628 /* VC3.h */ = {isa = PBXFileReference; fileEncoding = 4; lastKnownFileType = sourcecode.c.h; name = VC3.h; path = "../../../Interview-UI/Interview-UI/VC3.h"; sourceTree = "<group>"; };
		A49287C028607B5900EC7628 /* VC3.m */ = {isa = PBXFileReference; fileEncoding = 4; lastKnownFileType = sourcecode.c.objc; name = VC3.m; path = "../../../Interview-UI/Interview-UI/VC3.m"; sourceTree = "<group>"; };
		A4F94C882860668F00B7AE6D /* 隐式动画.app */ = {isa = PBXFileReference; explicitFileType = wrapper.application; includeInIndex = 0; path = "隐式动画.app"; sourceTree = BUILT_PRODUCTS_DIR; };
		A4F94C8B2860668F00B7AE6D /* AppDelegate.h */ = {isa = PBXFileReference; lastKnownFileType = sourcecode.c.h; path = AppDelegate.h; sourceTree = "<group>"; };
		A4F94C8C2860668F00B7AE6D /* AppDelegate.m */ = {isa = PBXFileReference; lastKnownFileType = sourcecode.c.objc; path = AppDelegate.m; sourceTree = "<group>"; };
		A4F94C8E2860668F00B7AE6D /* SceneDelegate.h */ = {isa = PBXFileReference; lastKnownFileType = sourcecode.c.h; path = SceneDelegate.h; sourceTree = "<group>"; };
		A4F94C8F2860668F00B7AE6D /* SceneDelegate.m */ = {isa = PBXFileReference; lastKnownFileType = sourcecode.c.objc; path = SceneDelegate.m; sourceTree = "<group>"; };
		A4F94C912860668F00B7AE6D /* ViewController.h */ = {isa = PBXFileReference; lastKnownFileType = sourcecode.c.h; path = ViewController.h; sourceTree = "<group>"; };
		A4F94C922860668F00B7AE6D /* ViewController.m */ = {isa = PBXFileReference; lastKnownFileType = sourcecode.c.objc; path = ViewController.m; sourceTree = "<group>"; };
		A4F94C952860668F00B7AE6D /* Base */ = {isa = PBXFileReference; lastKnownFileType = file.storyboard; name = Base; path = Base.lproj/Main.storyboard; sourceTree = "<group>"; };
		A4F94C972860669100B7AE6D /* Assets.xcassets */ = {isa = PBXFileReference; lastKnownFileType = folder.assetcatalog; path = Assets.xcassets; sourceTree = "<group>"; };
		A4F94C9A2860669100B7AE6D /* Base */ = {isa = PBXFileReference; lastKnownFileType = file.storyboard; name = Base; path = Base.lproj/LaunchScreen.storyboard; sourceTree = "<group>"; };
		A4F94C9C2860669100B7AE6D /* Info.plist */ = {isa = PBXFileReference; lastKnownFileType = text.plist.xml; path = Info.plist; sourceTree = "<group>"; };
		A4F94C9D2860669100B7AE6D /* main.m */ = {isa = PBXFileReference; lastKnownFileType = sourcecode.c.objc; path = main.m; sourceTree = "<group>"; };
		A4F94CA42860669B00B7AE6D /* ZYYView.m */ = {isa = PBXFileReference; fileEncoding = 4; lastKnownFileType = sourcecode.c.objc; path = ZYYView.m; sourceTree = "<group>"; };
		A4F94CA52860669B00B7AE6D /* ZYYView.h */ = {isa = PBXFileReference; fileEncoding = 4; lastKnownFileType = sourcecode.c.h; path = ZYYView.h; sourceTree = "<group>"; };
/* End PBXFileReference section */

/* Begin PBXFrameworksBuildPhase section */
		A4F94C852860668F00B7AE6D /* Frameworks */ = {
			isa = PBXFrameworksBuildPhase;
			buildActionMask = 2147483647;
			files = (
			);
			runOnlyForDeploymentPostprocessing = 0;
		};
/* End PBXFrameworksBuildPhase section */

/* Begin PBXGroup section */
		A4F94C7F2860668F00B7AE6D = {
			isa = PBXGroup;
			children = (
				A4F94C8A2860668F00B7AE6D /* 隐式动画 */,
				A4F94C892860668F00B7AE6D /* Products */,
			);
			sourceTree = "<group>";
		};
		A4F94C892860668F00B7AE6D /* Products */ = {
			isa = PBXGroup;
			children = (
				A4F94C882860668F00B7AE6D /* 隐式动画.app */,
			);
			name = Products;
			sourceTree = "<group>";
		};
		A4F94C8A2860668F00B7AE6D /* 隐式动画 */ = {
			isa = PBXGroup;
			children = (
				A49287B72860794B00EC7628 /* VC1.h */,
				A49287B62860794B00EC7628 /* VC1.m */,
				A49287BD28607A7300EC7628 /* VC2.h */,
				A49287BC28607A7200EC7628 /* VC2.m */,
				A49287BF28607B5800EC7628 /* VC3.h */,
				A49287C028607B5900EC7628 /* VC3.m */,
				A4F94CA52860669B00B7AE6D /* ZYYView.h */,
				A4F94CA42860669B00B7AE6D /* ZYYView.m */,
				A49287B92860797200EC7628 /* TestAniView.h */,
				A49287BA2860797200EC7628 /* TestAniView.m */,
				A4F94C8B2860668F00B7AE6D /* AppDelegate.h */,
				A4F94C8C2860668F00B7AE6D /* AppDelegate.m */,
				A4F94C8E2860668F00B7AE6D /* SceneDelegate.h */,
				A4F94C8F2860668F00B7AE6D /* SceneDelegate.m */,
				A4F94C912860668F00B7AE6D /* ViewController.h */,
				A4F94C922860668F00B7AE6D /* ViewController.m */,
				A4F94C942860668F00B7AE6D /* Main.storyboard */,
				A4F94C972860669100B7AE6D /* Assets.xcassets */,
				A4F94C992860669100B7AE6D /* LaunchScreen.storyboard */,
				A4F94C9C2860669100B7AE6D /* Info.plist */,
				A4F94C9D2860669100B7AE6D /* main.m */,
			);
			path = "隐式动画";
			sourceTree = "<group>";
		};
/* End PBXGroup section */

/* Begin PBXNativeTarget section */
		A4F94C872860668F00B7AE6D /* 隐式动画 */ = {
			isa = PBXNativeTarget;
			buildConfigurationList = A4F94CA12860669100B7AE6D /* Build configuration list for PBXNativeTarget "隐式动画" */;
			buildPhases = (
				A4F94C842860668F00B7AE6D /* Sources */,
				A4F94C852860668F00B7AE6D /* Frameworks */,
				A4F94C862860668F00B7AE6D /* Resources */,
			);
			buildRules = (
			);
			dependencies = (
			);
			name = "隐式动画";
			productName = "隐式动画";
			productReference = A4F94C882860668F00B7AE6D /* 隐式动画.app */;
			productType = "com.apple.product-type.application";
		};
/* End PBXNativeTarget section */

/* Begin PBXProject section */
		A4F94C802860668F00B7AE6D /* Project object */ = {
			isa = PBXProject;
			attributes = {
				BuildIndependentTargetsInParallel = 1;
				LastUpgradeCheck = 1340;
				TargetAttributes = {
					A4F94C872860668F00B7AE6D = {
						CreatedOnToolsVersion = 13.4.1;
					};
				};
			};
			buildConfigurationList = A4F94C832860668F00B7AE6D /* Build configuration list for PBXProject "隐式动画" */;
			compatibilityVersion = "Xcode 13.0";
			developmentRegion = en;
			hasScannedForEncodings = 0;
			knownRegions = (
				en,
				Base,
			);
			mainGroup = A4F94C7F2860668F00B7AE6D;
			productRefGroup = A4F94C892860668F00B7AE6D /* Products */;
			projectDirPath = "";
			projectRoot = "";
			targets = (
				A4F94C872860668F00B7AE6D /* 隐式动画 */,
			);
		};
/* End PBXProject section */

/* Begin PBXResourcesBuildPhase section */
		A4F94C862860668F00B7AE6D /* Resources */ = {
			isa = PBXResourcesBuildPhase;
			buildActionMask = 2147483647;
			files = (
				A4F94C9B2860669100B7AE6D /* LaunchScreen.storyboard in Resources */,
				A4F94C982860669100B7AE6D /* Assets.xcassets in Resources */,
				A4F94C962860668F00B7AE6D /* Main.storyboard in Resources */,
			);
			runOnlyForDeploymentPostprocessing = 0;
		};
/* End PBXResourcesBuildPhase section */

/* Begin PBXSourcesBuildPhase section */
		A4F94C842860668F00B7AE6D /* Sources */ = {
			isa = PBXSourcesBuildPhase;
			buildActionMask = 2147483647;
			files = (
				A49287B82860794B00EC7628 /* VC1.m in Sources */,
				A4F94C932860668F00B7AE6D /* ViewController.m in Sources */,
				A4F94C8D2860668F00B7AE6D /* AppDelegate.m in Sources */,
				A49287BE28607A7300EC7628 /* VC2.m in Sources */,
				A49287BB2860797200EC7628 /* TestAniView.m in Sources */,
				A4F94C9E2860669100B7AE6D /* main.m in Sources */,
				A49287C128607B5900EC7628 /* VC3.m in Sources */,
				A4F94CA62860669B00B7AE6D /* ZYYView.m in Sources */,
				A4F94C902860668F00B7AE6D /* SceneDelegate.m in Sources */,
			);
			runOnlyForDeploymentPostprocessing = 0;
		};
/* End PBXSourcesBuildPhase section */

/* Begin PBXVariantGroup section */
		A4F94C942860668F00B7AE6D /* Main.storyboard */ = {
			isa = PBXVariantGroup;
			children = (
				A4F94C952860668F00B7AE6D /* Base */,
			);
			name = Main.storyboard;
			sourceTree = "<group>";
		};
		A4F94C992860669100B7AE6D /* LaunchScreen.storyboard */ = {
			isa = PBXVariantGroup;
			children = (
				A4F94C9A2860669100B7AE6D /* Base */,
			);
			name = LaunchScreen.storyboard;
			sourceTree = "<group>";
		};
/* End PBXVariantGroup section */

/* Begin XCBuildConfiguration section */
		A4F94C9F2860669100B7AE6D /* Debug */ = {
			isa = XCBuildConfiguration;
			buildSettings = {
				ALWAYS_SEARCH_USER_PATHS = NO;
				CLANG_ANALYZER_NONNULL = YES;
				CLANG_ANALYZER_NUMBER_OBJECT_CONVERSION = YES_AGGRESSIVE;
				CLANG_CXX_LANGUAGE_STANDARD = "gnu++17";
				CLANG_ENABLE_MODULES = YES;
				CLANG_ENABLE_OBJC_ARC = YES;
				CLANG_ENABLE_OBJC_WEAK = YES;
				CLANG_WARN_BLOCK_CAPTURE_AUTORELEASING = YES;
				CLANG_WARN_BOOL_CONVERSION = YES;
				CLANG_WARN_COMMA = YES;
				CLANG_WARN_CONSTANT_CONVERSION = YES;
				CLANG_WARN_DEPRECATED_OBJC_IMPLEMENTATIONS = YES;
				CLANG_WARN_DIRECT_OBJC_ISA_USAGE = YES_ERROR;
				CLANG_WARN_DOCUMENTATION_COMMENTS = YES;
				CLANG_WARN_EMPTY_BODY = YES;
				CLANG_WARN_ENUM_CONVERSION = YES;
				CLANG_WARN_INFINITE_RECURSION = YES;
				CLANG_WARN_INT_CONVERSION = YES;
				CLANG_WARN_NON_LITERAL_NULL_CONVERSION = YES;
				CLANG_WARN_OBJC_IMPLICIT_RETAIN_SELF = YES;
				CLANG_WARN_OBJC_LITERAL_CONVERSION = YES;
				CLANG_WARN_OBJC_ROOT_CLASS = YES_ERROR;
				CLANG_WARN_QUOTED_INCLUDE_IN_FRAMEWORK_HEADER = YES;
				CLANG_WARN_RANGE_LOOP_ANALYSIS = YES;
				CLANG_WARN_STRICT_PROTOTYPES = YES;
				CLANG_WARN_SUSPICIOUS_MOVE = YES;
				CLANG_WARN_UNGUARDED_AVAILABILITY = YES_AGGRESSIVE;
				CLANG_WARN_UNREACHABLE_CODE = YES;
				CLANG_WARN__DUPLICATE_METHOD_MATCH = YES;
				COPY_PHASE_STRIP = NO;
				DEBUG_INFORMATION_FORMAT = dwarf;
				ENABLE_STRICT_OBJC_MSGSEND = YES;
				ENABLE_TESTABILITY = YES;
				GCC_C_LANGUAGE_STANDARD = gnu11;
				GCC_DYNAMIC_NO_PIC = NO;
				GCC_NO_COMMON_BLOCKS = YES;
				GCC_OPTIMIZATION_LEVEL = 0;
				GCC_PREPROCESSOR_DEFINITIONS = (
					"DEBUG=1",
					"$(inherited)",
				);
				GCC_WARN_64_TO_32_BIT_CONVERSION = YES;
				GCC_WARN_ABOUT_RETURN_TYPE = YES_ERROR;
				GCC_WARN_UNDECLARED_SELECTOR = YES;
				GCC_WARN_UNINITIALIZED_AUTOS = YES_AGGRESSIVE;
				GCC_WARN_UNUSED_FUNCTION = YES;
				GCC_WARN_UNUSED_VARIABLE = YES;
				IPHONEOS_DEPLOYMENT_TARGET = 15.5;
				MTL_ENABLE_DEBUG_INFO = INCLUDE_SOURCE;
				MTL_FAST_MATH = YES;
				ONLY_ACTIVE_ARCH = YES;
				SDKROOT = iphoneos;
			};
			name = Debug;
		};
		A4F94CA02860669100B7AE6D /* Release */ = {
			isa = XCBuildConfiguration;
			buildSettings = {
				ALWAYS_SEARCH_USER_PATHS = NO;
				CLANG_ANALYZER_NONNULL = YES;
				CLANG_ANALYZER_NUMBER_OBJECT_CONVERSION = YES_AGGRESSIVE;
				CLANG_CXX_LANGUAGE_STANDARD = "gnu++17";
				CLANG_ENABLE_MODULES = YES;
				CLANG_ENABLE_OBJC_ARC = YES;
				CLANG_ENABLE_OBJC_WEAK = YES;
				CLANG_WARN_BLOCK_CAPTURE_AUTORELEASING = YES;
				CLANG_WARN_BOOL_CONVERSION = YES;
				CLANG_WARN_COMMA = YES;
				CLANG_WARN_CONSTANT_CONVERSION = YES;
				CLANG_WARN_DEPRECATED_OBJC_IMPLEMENTATIONS = YES;
				CLANG_WARN_DIRECT_OBJC_ISA_USAGE = YES_ERROR;
				CLANG_WARN_DOCUMENTATION_COMMENTS = YES;
				CLANG_WARN_EMPTY_BODY = YES;
				CLANG_WARN_ENUM_CONVERSION = YES;
				CLANG_WARN_INFINITE_RECURSION = YES;
				CLANG_WARN_INT_CONVERSION = YES;
				CLANG_WARN_NON_LITERAL_NULL_CONVERSION = YES;
				CLANG_WARN_OBJC_IMPLICIT_RETAIN_SELF = YES;
				CLANG_WARN_OBJC_LITERAL_CONVERSION = YES;
				CLANG_WARN_OBJC_ROOT_CLASS = YES_ERROR;
				CLANG_WARN_QUOTED_INCLUDE_IN_FRAMEWORK_HEADER = YES;
				CLANG_WARN_RANGE_LOOP_ANALYSIS = YES;
				CLANG_WARN_STRICT_PROTOTYPES = YES;
				CLANG_WARN_SUSPICIOUS_MOVE = YES;
				CLANG_WARN_UNGUARDED_AVAILABILITY = YES_AGGRESSIVE;
				CLANG_WARN_UNREACHABLE_CODE = YES;
				CLANG_WARN__DUPLICATE_METHOD_MATCH = YES;
				COPY_PHASE_STRIP = NO;
				DEBUG_INFORMATION_FORMAT = "dwarf-with-dsym";
				ENABLE_NS_ASSERTIONS = NO;
				ENABLE_STRICT_OBJC_MSGSEND = YES;
				GCC_C_LANGUAGE_STANDARD = gnu11;
				GCC_NO_COMMON_BLOCKS = YES;
				GCC_WARN_64_TO_32_BIT_CONVERSION = YES;
				GCC_WARN_ABOUT_RETURN_TYPE = YES_ERROR;
				GCC_WARN_UNDECLARED_SELECTOR = YES;
				GCC_WARN_UNINITIALIZED_AUTOS = YES_AGGRESSIVE;
				GCC_WARN_UNUSED_FUNCTION = YES;
				GCC_WARN_UNUSED_VARIABLE = YES;
				IPHONEOS_DEPLOYMENT_TARGET = 15.5;
				MTL_ENABLE_DEBUG_INFO = NO;
				MTL_FAST_MATH = YES;
				SDKROOT = iphoneos;
				VALIDATE_PRODUCT = YES;
			};
			name = Release;
		};
		A4F94CA22860669100B7AE6D /* Debug */ = {
			isa = XCBuildConfiguration;
			buildSettings = {
				ASSETCATALOG_COMPILER_APPICON_NAME = AppIcon;
				ASSETCATALOG_COMPILER_GLOBAL_ACCENT_COLOR_NAME = AccentColor;
				CODE_SIGN_STYLE = Automatic;
				CURRENT_PROJECT_VERSION = 1;
				DEVELOPMENT_TEAM = Y5ZP3NDNWZ;
				GENERATE_INFOPLIST_FILE = YES;
				INFOPLIST_FILE = "隐式动画/Info.plist";
				INFOPLIST_KEY_UIApplicationSupportsIndirectInputEvents = YES;
				INFOPLIST_KEY_UILaunchStoryboardName = LaunchScreen;
				INFOPLIST_KEY_UIMainStoryboardFile = Main;
				INFOPLIST_KEY_UISupportedInterfaceOrientations_iPad = "UIInterfaceOrientationPortrait UIInterfaceOrientationPortraitUpsideDown UIInterfaceOrientationLandscapeLeft UIInterfaceOrientationLandscapeRight";
				INFOPLIST_KEY_UISupportedInterfaceOrientations_iPhone = "UIInterfaceOrientationPortrait UIInterfaceOrientationLandscapeLeft UIInterfaceOrientationLandscapeRight";
				LD_RUNPATH_SEARCH_PATHS = (
					"$(inherited)",
					"@executable_path/Frameworks",
				);
				MARKETING_VERSION = 1.0;
				PRODUCT_BUNDLE_IDENTIFIER = "zyy.----";
				PRODUCT_NAME = "$(TARGET_NAME)";
				SWIFT_EMIT_LOC_STRINGS = YES;
				TARGETED_DEVICE_FAMILY = "1,2";
			};
			name = Debug;
		};
		A4F94CA32860669100B7AE6D /* Release */ = {
			isa = XCBuildConfiguration;
			buildSettings = {
				ASSETCATALOG_COMPILER_APPICON_NAME = AppIcon;
				ASSETCATALOG_COMPILER_GLOBAL_ACCENT_COLOR_NAME = AccentColor;
				CODE_SIGN_STYLE = Automatic;
				CURRENT_PROJECT_VERSION = 1;
				DEVELOPMENT_TEAM = Y5ZP3NDNWZ;
				GENERATE_INFOPLIST_FILE = YES;
				INFOPLIST_FILE = "隐式动画/Info.plist";
				INFOPLIST_KEY_UIApplicationSupportsIndirectInputEvents = YES;
				INFOPLIST_KEY_UILaunchStoryboardName = LaunchScreen;
				INFOPLIST_KEY_UIMainStoryboardFile = Main;
				INFOPLIST_KEY_UISupportedInterfaceOrientations_iPad = "UIInterfaceOrientationPortrait UIInterfaceOrientationPortraitUpsideDown UIInterfaceOrientationLandscapeLeft UIInterfaceOrientationLandscapeRight";
				INFOPLIST_KEY_UISupportedInterfaceOrientations_iPhone = "UIInterfaceOrientationPortrait UIInterfaceOrientationLandscapeLeft UIInterfaceOrientationLandscapeRight";
				LD_RUNPATH_SEARCH_PATHS = (
					"$(inherited)",
					"@executable_path/Frameworks",
				);
				MARKETING_VERSION = 1.0;
				PRODUCT_BUNDLE_IDENTIFIER = "zyy.----";
				PRODUCT_NAME = "$(TARGET_NAME)";
				SWIFT_EMIT_LOC_STRINGS = YES;
				TARGETED_DEVICE_FAMILY = "1,2";
			};
			name = Release;
		};
/* End XCBuildConfiguration section */

/* Begin XCConfigurationList section */
		A4F94C832860668F00B7AE6D /* Build configuration list for PBXProject "隐式动画" */ = {
			isa = XCConfigurationList;
			buildConfigurations = (
				A4F94C9F2860669100B7AE6D /* Debug */,
				A4F94CA02860669100B7AE6D /* Release */,
			);
			defaultConfigurationIsVisible = 0;
			defaultConfigurationName = Release;
		};
		A4F94CA12860669100B7AE6D /* Build configuration list for PBXNativeTarget "隐式动画" */ = {
			isa = XCConfigurationList;
			buildConfigurations = (
				A4F94CA22860669100B7AE6D /* Debug */,
				A4F94CA32860669100B7AE6D /* Release */,
			);
			defaultConfigurationIsVisible = 0;
			defaultConfigurationName = Release;
		};
/* End XCConfigurationList section */
	};
	rootObject = A4F94C802860668F00B7AE6D /* Project object */;
}
