// !$*UTF8*$!
{
	archiveVersion = 1;
	classes = {
	};
	objectVersion = 55;
	objects = {

/* Begin PBXBuildFile section */
		A4F94C6828604F2C00B7AE6D /* AppDelegate.m in Sources */ = {isa = PBXBuildFile; fileRef = A4F94C6728604F2C00B7AE6D /* AppDelegate.m */; };
		A4F94C6B28604F2C00B7AE6D /* SceneDelegate.m in Sources */ = {isa = PBXBuildFile; fileRef = A4F94C6A28604F2C00B7AE6D /* SceneDelegate.m */; };
		A4F94C6E28604F2C00B7AE6D /* ViewController.m in Sources */ = {isa = PBXBuildFile; fileRef = A4F94C6D28604F2C00B7AE6D /* ViewController.m */; };
		A4F94C7128604F2C00B7AE6D /* Main.storyboard in Resources */ = {isa = PBXBuildFile; fileRef = A4F94C6F28604F2C00B7AE6D /* Main.storyboard */; };
		A4F94C7328604F2E00B7AE6D /* Assets.xcassets in Resources */ = {isa = PBXBuildFile; fileRef = A4F94C7228604F2E00B7AE6D /* Assets.xcassets */; };
		A4F94C7628604F2E00B7AE6D /* LaunchScreen.storyboard in Resources */ = {isa = PBXBuildFile; fileRef = A4F94C7428604F2E00B7AE6D /* LaunchScreen.storyboard */; };
		A4F94C7928604F2E00B7AE6D /* main.m in Sources */ = {isa = PBXBuildFile; fileRef = A4F94C7828604F2E00B7AE6D /* main.m */; };
/* End PBXBuildFile section */

/* Begin PBXFileReference section */
		A4F94C6328604F2C00B7AE6D /* 基础整理.app */ = {isa = PBXFileReference; explicitFileType = wrapper.application; includeInIndex = 0; path = "基础整理.app"; sourceTree = BUILT_PRODUCTS_DIR; };
		A4F94C6628604F2C00B7AE6D /* AppDelegate.h */ = {isa = PBXFileReference; lastKnownFileType = sourcecode.c.h; path = AppDelegate.h; sourceTree = "<group>"; };
		A4F94C6728604F2C00B7AE6D /* AppDelegate.m */ = {isa = PBXFileReference; lastKnownFileType = sourcecode.c.objc; path = AppDelegate.m; sourceTree = "<group>"; };
		A4F94C6928604F2C00B7AE6D /* SceneDelegate.h */ = {isa = PBXFileReference; lastKnownFileType = sourcecode.c.h; path = SceneDelegate.h; sourceTree = "<group>"; };
		A4F94C6A28604F2C00B7AE6D /* SceneDelegate.m */ = {isa = PBXFileReference; lastKnownFileType = sourcecode.c.objc; path = SceneDelegate.m; sourceTree = "<group>"; };
		A4F94C6C28604F2C00B7AE6D /* ViewController.h */ = {isa = PBXFileReference; lastKnownFileType = sourcecode.c.h; path = ViewController.h; sourceTree = "<group>"; };
		A4F94C6D28604F2C00B7AE6D /* ViewController.m */ = {isa = PBXFileReference; lastKnownFileType = sourcecode.c.objc; path = ViewController.m; sourceTree = "<group>"; };
		A4F94C7028604F2C00B7AE6D /* Base */ = {isa = PBXFileReference; lastKnownFileType = file.storyboard; name = Base; path = Base.lproj/Main.storyboard; sourceTree = "<group>"; };
		A4F94C7228604F2E00B7AE6D /* Assets.xcassets */ = {isa = PBXFileReference; lastKnownFileType = folder.assetcatalog; path = Assets.xcassets; sourceTree = "<group>"; };
		A4F94C7528604F2E00B7AE6D /* Base */ = {isa = PBXFileReference; lastKnownFileType = file.storyboard; name = Base; path = Base.lproj/LaunchScreen.storyboard; sourceTree = "<group>"; };
		A4F94C7728604F2E00B7AE6D /* Info.plist */ = {isa = PBXFileReference; lastKnownFileType = text.plist.xml; path = Info.plist; sourceTree = "<group>"; };
		A4F94C7828604F2E00B7AE6D /* main.m */ = {isa = PBXFileReference; lastKnownFileType = sourcecode.c.objc; path = main.m; sourceTree = "<group>"; };
/* End PBXFileReference section */

/* Begin PBXFrameworksBuildPhase section */
		A4F94C6028604F2C00B7AE6D /* Frameworks */ = {
			isa = PBXFrameworksBuildPhase;
			buildActionMask = 2147483647;
			files = (
			);
			runOnlyForDeploymentPostprocessing = 0;
		};
/* End PBXFrameworksBuildPhase section */

/* Begin PBXGroup section */
		A4F94C5A28604F2C00B7AE6D = {
			isa = PBXGroup;
			children = (
				A4F94C6528604F2C00B7AE6D /* 基础整理 */,
				A4F94C6428604F2C00B7AE6D /* Products */,
			);
			sourceTree = "<group>";
		};
		A4F94C6428604F2C00B7AE6D /* Products */ = {
			isa = PBXGroup;
			children = (
				A4F94C6328604F2C00B7AE6D /* 基础整理.app */,
			);
			name = Products;
			sourceTree = "<group>";
		};
		A4F94C6528604F2C00B7AE6D /* 基础整理 */ = {
			isa = PBXGroup;
			children = (
				A4F94C6628604F2C00B7AE6D /* AppDelegate.h */,
				A4F94C6728604F2C00B7AE6D /* AppDelegate.m */,
				A4F94C6928604F2C00B7AE6D /* SceneDelegate.h */,
				A4F94C6A28604F2C00B7AE6D /* SceneDelegate.m */,
				A4F94C6C28604F2C00B7AE6D /* ViewController.h */,
				A4F94C6D28604F2C00B7AE6D /* ViewController.m */,
				A4F94C6F28604F2C00B7AE6D /* Main.storyboard */,
				A4F94C7228604F2E00B7AE6D /* Assets.xcassets */,
				A4F94C7428604F2E00B7AE6D /* LaunchScreen.storyboard */,
				A4F94C7728604F2E00B7AE6D /* Info.plist */,
				A4F94C7828604F2E00B7AE6D /* main.m */,
			);
			path = "基础整理";
			sourceTree = "<group>";
		};
/* End PBXGroup section */

/* Begin PBXNativeTarget section */
		A4F94C6228604F2C00B7AE6D /* 基础整理 */ = {
			isa = PBXNativeTarget;
			buildConfigurationList = A4F94C7C28604F2E00B7AE6D /* Build configuration list for PBXNativeTarget "基础整理" */;
			buildPhases = (
				A4F94C5F28604F2C00B7AE6D /* Sources */,
				A4F94C6028604F2C00B7AE6D /* Frameworks */,
				A4F94C6128604F2C00B7AE6D /* Resources */,
			);
			buildRules = (
			);
			dependencies = (
			);
			name = "基础整理";
			productName = "基础整理";
			productReference = A4F94C6328604F2C00B7AE6D /* 基础整理.app */;
			productType = "com.apple.product-type.application";
		};
/* End PBXNativeTarget section */

/* Begin PBXProject section */
		A4F94C5B28604F2C00B7AE6D /* Project object */ = {
			isa = PBXProject;
			attributes = {
				BuildIndependentTargetsInParallel = 1;
				LastUpgradeCheck = 1340;
				TargetAttributes = {
					A4F94C6228604F2C00B7AE6D = {
						CreatedOnToolsVersion = 13.4.1;
					};
				};
			};
			buildConfigurationList = A4F94C5E28604F2C00B7AE6D /* Build configuration list for PBXProject "基础整理" */;
			compatibilityVersion = "Xcode 13.0";
			developmentRegion = en;
			hasScannedForEncodings = 0;
			knownRegions = (
				en,
				Base,
			);
			mainGroup = A4F94C5A28604F2C00B7AE6D;
			productRefGroup = A4F94C6428604F2C00B7AE6D /* Products */;
			projectDirPath = "";
			projectRoot = "";
			targets = (
				A4F94C6228604F2C00B7AE6D /* 基础整理 */,
			);
		};
/* End PBXProject section */

/* Begin PBXResourcesBuildPhase section */
		A4F94C6128604F2C00B7AE6D /* Resources */ = {
			isa = PBXResourcesBuildPhase;
			buildActionMask = 2147483647;
			files = (
				A4F94C7628604F2E00B7AE6D /* LaunchScreen.storyboard in Resources */,
				A4F94C7328604F2E00B7AE6D /* Assets.xcassets in Resources */,
				A4F94C7128604F2C00B7AE6D /* Main.storyboard in Resources */,
			);
			runOnlyForDeploymentPostprocessing = 0;
		};
/* End PBXResourcesBuildPhase section */

/* Begin PBXSourcesBuildPhase section */
		A4F94C5F28604F2C00B7AE6D /* Sources */ = {
			isa = PBXSourcesBuildPhase;
			buildActionMask = 2147483647;
			files = (
				A4F94C6E28604F2C00B7AE6D /* ViewController.m in Sources */,
				A4F94C6828604F2C00B7AE6D /* AppDelegate.m in Sources */,
				A4F94C7928604F2E00B7AE6D /* main.m in Sources */,
				A4F94C6B28604F2C00B7AE6D /* SceneDelegate.m in Sources */,
			);
			runOnlyForDeploymentPostprocessing = 0;
		};
/* End PBXSourcesBuildPhase section */

/* Begin PBXVariantGroup section */
		A4F94C6F28604F2C00B7AE6D /* Main.storyboard */ = {
			isa = PBXVariantGroup;
			children = (
				A4F94C7028604F2C00B7AE6D /* Base */,
			);
			name = Main.storyboard;
			sourceTree = "<group>";
		};
		A4F94C7428604F2E00B7AE6D /* LaunchScreen.storyboard */ = {
			isa = PBXVariantGroup;
			children = (
				A4F94C7528604F2E00B7AE6D /* Base */,
			);
			name = LaunchScreen.storyboard;
			sourceTree = "<group>";
		};
/* End PBXVariantGroup section */

/* Begin XCBuildConfiguration section */
		A4F94C7A28604F2E00B7AE6D /* Debug */ = {
			isa = XCBuildConfiguration;
			buildSettings = {
				ALWAYS_SEARCH_USER_PATHS = NO;
				CLANG_ANALYZER_NONNULL = YES;
				CLANG_ANALYZER_NUMBER_OBJECT_CONVERSION = YES_AGGRESSIVE;
				CLANG_CXX_LANGUAGE_STANDARD = "gnu++17";
				CLANG_ENABLE_MODULES = YES;
				CLANG_ENABLE_OBJC_ARC = YES;
				CLANG_ENABLE_OBJC_WEAK = YES;
				CLANG_WARN_BLOCK_CAPTURE_AUTORELEASING = YES;
				CLANG_WARN_BOOL_CONVERSION = YES;
				CLANG_WARN_COMMA = YES;
				CLANG_WARN_CONSTANT_CONVERSION = YES;
				CLANG_WARN_DEPRECATED_OBJC_IMPLEMENTATIONS = YES;
				CLANG_WARN_DIRECT_OBJC_ISA_USAGE = YES_ERROR;
				CLANG_WARN_DOCUMENTATION_COMMENTS = YES;
				CLANG_WARN_EMPTY_BODY = YES;
				CLANG_WARN_ENUM_CONVERSION = YES;
				CLANG_WARN_INFINITE_RECURSION = YES;
				CLANG_WARN_INT_CONVERSION = YES;
				CLANG_WARN_NON_LITERAL_NULL_CONVERSION = YES;
				CLANG_WARN_OBJC_IMPLICIT_RETAIN_SELF = YES;
				CLANG_WARN_OBJC_LITERAL_CONVERSION = YES;
				CLANG_WARN_OBJC_ROOT_CLASS = YES_ERROR;
				CLANG_WARN_QUOTED_INCLUDE_IN_FRAMEWORK_HEADER = YES;
				CLANG_WARN_RANGE_LOOP_ANALYSIS = YES;
				CLANG_WARN_STRICT_PROTOTYPES = YES;
				CLANG_WARN_SUSPICIOUS_MOVE = YES;
				CLANG_WARN_UNGUARDED_AVAILABILITY = YES_AGGRESSIVE;
				CLANG_WARN_UNREACHABLE_CODE = YES;
				CLANG_WARN__DUPLICATE_METHOD_MATCH = YES;
				COPY_PHASE_STRIP = NO;
				DEBUG_INFORMATION_FORMAT = dwarf;
				ENABLE_STRICT_OBJC_MSGSEND = YES;
				ENABLE_TESTABILITY = YES;
				GCC_C_LANGUAGE_STANDARD = gnu11;
				GCC_DYNAMIC_NO_PIC = NO;
				GCC_NO_COMMON_BLOCKS = YES;
				GCC_OPTIMIZATION_LEVEL = 0;
				GCC_PREPROCESSOR_DEFINITIONS = (
					"DEBUG=1",
					"$(inherited)",
				);
				GCC_WARN_64_TO_32_BIT_CONVERSION = YES;
				GCC_WARN_ABOUT_RETURN_TYPE = YES_ERROR;
				GCC_WARN_UNDECLARED_SELECTOR = YES;
				GCC_WARN_UNINITIALIZED_AUTOS = YES_AGGRESSIVE;
				GCC_WARN_UNUSED_FUNCTION = YES;
				GCC_WARN_UNUSED_VARIABLE = YES;
				IPHONEOS_DEPLOYMENT_TARGET = 15.5;
				MTL_ENABLE_DEBUG_INFO = INCLUDE_SOURCE;
				MTL_FAST_MATH = YES;
				ONLY_ACTIVE_ARCH = YES;
				SDKROOT = iphoneos;
			};
			name = Debug;
		};
		A4F94C7B28604F2E00B7AE6D /* Release */ = {
			isa = XCBuildConfiguration;
			buildSettings = {
				ALWAYS_SEARCH_USER_PATHS = NO;
				CLANG_ANALYZER_NONNULL = YES;
				CLANG_ANALYZER_NUMBER_OBJECT_CONVERSION = YES_AGGRESSIVE;
				CLANG_CXX_LANGUAGE_STANDARD = "gnu++17";
				CLANG_ENABLE_MODULES = YES;
				CLANG_ENABLE_OBJC_ARC = YES;
				CLANG_ENABLE_OBJC_WEAK = YES;
				CLANG_WARN_BLOCK_CAPTURE_AUTORELEASING = YES;
				CLANG_WARN_BOOL_CONVERSION = YES;
				CLANG_WARN_COMMA = YES;
				CLANG_WARN_CONSTANT_CONVERSION = YES;
				CLANG_WARN_DEPRECATED_OBJC_IMPLEMENTATIONS = YES;
				CLANG_WARN_DIRECT_OBJC_ISA_USAGE = YES_ERROR;
				CLANG_WARN_DOCUMENTATION_COMMENTS = YES;
				CLANG_WARN_EMPTY_BODY = YES;
				CLANG_WARN_ENUM_CONVERSION = YES;
				CLANG_WARN_INFINITE_RECURSION = YES;
				CLANG_WARN_INT_CONVERSION = YES;
				CLANG_WARN_NON_LITERAL_NULL_CONVERSION = YES;
				CLANG_WARN_OBJC_IMPLICIT_RETAIN_SELF = YES;
				CLANG_WARN_OBJC_LITERAL_CONVERSION = YES;
				CLANG_WARN_OBJC_ROOT_CLASS = YES_ERROR;
				CLANG_WARN_QUOTED_INCLUDE_IN_FRAMEWORK_HEADER = YES;
				CLANG_WARN_RANGE_LOOP_ANALYSIS = YES;
				CLANG_WARN_STRICT_PROTOTYPES = YES;
				CLANG_WARN_SUSPICIOUS_MOVE = YES;
				CLANG_WARN_UNGUARDED_AVAILABILITY = YES_AGGRESSIVE;
				CLANG_WARN_UNREACHABLE_CODE = YES;
				CLANG_WARN__DUPLICATE_METHOD_MATCH = YES;
				COPY_PHASE_STRIP = NO;
				DEBUG_INFORMATION_FORMAT = "dwarf-with-dsym";
				ENABLE_NS_ASSERTIONS = NO;
				ENABLE_STRICT_OBJC_MSGSEND = YES;
				GCC_C_LANGUAGE_STANDARD = gnu11;
				GCC_NO_COMMON_BLOCKS = YES;
				GCC_WARN_64_TO_32_BIT_CONVERSION = YES;
				GCC_WARN_ABOUT_RETURN_TYPE = YES_ERROR;
				GCC_WARN_UNDECLARED_SELECTOR = YES;
				GCC_WARN_UNINITIALIZED_AUTOS = YES_AGGRESSIVE;
				GCC_WARN_UNUSED_FUNCTION = YES;
				GCC_WARN_UNUSED_VARIABLE = YES;
				IPHONEOS_DEPLOYMENT_TARGET = 15.5;
				MTL_ENABLE_DEBUG_INFO = NO;
				MTL_FAST_MATH = YES;
				SDKROOT = iphoneos;
				VALIDATE_PRODUCT = YES;
			};
			name = Release;
		};
		A4F94C7D28604F2E00B7AE6D /* Debug */ = {
			isa = XCBuildConfiguration;
			buildSettings = {
				ASSETCATALOG_COMPILER_APPICON_NAME = AppIcon;
				ASSETCATALOG_COMPILER_GLOBAL_ACCENT_COLOR_NAME = AccentColor;
				CODE_SIGN_STYLE = Automatic;
				CURRENT_PROJECT_VERSION = 1;
				DEVELOPMENT_TEAM = Y5ZP3NDNWZ;
				GENERATE_INFOPLIST_FILE = YES;
				INFOPLIST_FILE = "基础整理/Info.plist";
				INFOPLIST_KEY_UIApplicationSupportsIndirectInputEvents = YES;
				INFOPLIST_KEY_UILaunchStoryboardName = LaunchScreen;
				INFOPLIST_KEY_UIMainStoryboardFile = Main;
				INFOPLIST_KEY_UISupportedInterfaceOrientations_iPad = "UIInterfaceOrientationPortrait UIInterfaceOrientationPortraitUpsideDown UIInterfaceOrientationLandscapeLeft UIInterfaceOrientationLandscapeRight";
				INFOPLIST_KEY_UISupportedInterfaceOrientations_iPhone = "UIInterfaceOrientationPortrait UIInterfaceOrientationLandscapeLeft UIInterfaceOrientationLandscapeRight";
				LD_RUNPATH_SEARCH_PATHS = (
					"$(inherited)",
					"@executable_path/Frameworks",
				);
				MARKETING_VERSION = 1.0;
				PRODUCT_BUNDLE_IDENTIFIER = "zyy.----";
				PRODUCT_NAME = "$(TARGET_NAME)";
				SWIFT_EMIT_LOC_STRINGS = YES;
				TARGETED_DEVICE_FAMILY = "1,2";
			};
			name = Debug;
		};
		A4F94C7E28604F2E00B7AE6D /* Release */ = {
			isa = XCBuildConfiguration;
			buildSettings = {
				ASSETCATALOG_COMPILER_APPICON_NAME = AppIcon;
				ASSETCATALOG_COMPILER_GLOBAL_ACCENT_COLOR_NAME = AccentColor;
				CODE_SIGN_STYLE = Automatic;
				CURRENT_PROJECT_VERSION = 1;
				DEVELOPMENT_TEAM = Y5ZP3NDNWZ;
				GENERATE_INFOPLIST_FILE = YES;
				INFOPLIST_FILE = "基础整理/Info.plist";
				INFOPLIST_KEY_UIApplicationSupportsIndirectInputEvents = YES;
				INFOPLIST_KEY_UILaunchStoryboardName = LaunchScreen;
				INFOPLIST_KEY_UIMainStoryboardFile = Main;
				INFOPLIST_KEY_UISupportedInterfaceOrientations_iPad = "UIInterfaceOrientationPortrait UIInterfaceOrientationPortraitUpsideDown UIInterfaceOrientationLandscapeLeft UIInterfaceOrientationLandscapeRight";
				INFOPLIST_KEY_UISupportedInterfaceOrientations_iPhone = "UIInterfaceOrientationPortrait UIInterfaceOrientationLandscapeLeft UIInterfaceOrientationLandscapeRight";
				LD_RUNPATH_SEARCH_PATHS = (
					"$(inherited)",
					"@executable_path/Frameworks",
				);
				MARKETING_VERSION = 1.0;
				PRODUCT_BUNDLE_IDENTIFIER = "zyy.----";
				PRODUCT_NAME = "$(TARGET_NAME)";
				SWIFT_EMIT_LOC_STRINGS = YES;
				TARGETED_DEVICE_FAMILY = "1,2";
			};
			name = Release;
		};
/* End XCBuildConfiguration section */

/* Begin XCConfigurationList section */
		A4F94C5E28604F2C00B7AE6D /* Build configuration list for PBXProject "基础整理" */ = {
			isa = XCConfigurationList;
			buildConfigurations = (
				A4F94C7A28604F2E00B7AE6D /* Debug */,
				A4F94C7B28604F2E00B7AE6D /* Release */,
			);
			defaultConfigurationIsVisible = 0;
			defaultConfigurationName = Release;
		};
		A4F94C7C28604F2E00B7AE6D /* Build configuration list for PBXNativeTarget "基础整理" */ = {
			isa = XCConfigurationList;
			buildConfigurations = (
				A4F94C7D28604F2E00B7AE6D /* Debug */,
				A4F94C7E28604F2E00B7AE6D /* Release */,
			);
			defaultConfigurationIsVisible = 0;
			defaultConfigurationName = Release;
		};
/* End XCConfigurationList section */
	};
	rootObject = A4F94C5B28604F2C00B7AE6D /* Project object */;
}
