// !$*UTF8*$!
{
	archiveVersion = 1;
	classes = {
	};
	objectVersion = 55;
	objects = {

/* Begin PBXBuildFile section */
		A40BB3BC285C7F96002C3B9E /* AppDelegate.m in Sources */ = {isa = PBXBuildFile; fileRef = A40BB3BB285C7F96002C3B9E /* AppDelegate.m */; };
		A40BB3BF285C7F96002C3B9E /* SceneDelegate.m in Sources */ = {isa = PBXBuildFile; fileRef = A40BB3BE285C7F96002C3B9E /* SceneDelegate.m */; };
		A40BB3C2285C7F96002C3B9E /* ViewController.m in Sources */ = {isa = PBXBuildFile; fileRef = A40BB3C1285C7F96002C3B9E /* ViewController.m */; };
		A40BB3C5285C7F96002C3B9E /* Main.storyboard in Resources */ = {isa = PBXBuildFile; fileRef = A40BB3C3285C7F96002C3B9E /* Main.storyboard */; };
		A40BB3C7285C7F99002C3B9E /* Assets.xcassets in Resources */ = {isa = PBXBuildFile; fileRef = A40BB3C6285C7F99002C3B9E /* Assets.xcassets */; };
		A40BB3CA285C7F99002C3B9E /* LaunchScreen.storyboard in Resources */ = {isa = PBXBuildFile; fileRef = A40BB3C8285C7F99002C3B9E /* LaunchScreen.storyboard */; };
		A40BB3CD285C7F99002C3B9E /* main.m in Sources */ = {isa = PBXBuildFile; fileRef = A40BB3CC285C7F99002C3B9E /* main.m */; };
		A40BB3D5285C7FC3002C3B9E /* VC1.m in Sources */ = {isa = PBXBuildFile; fileRef = A40BB3D4285C7FC3002C3B9E /* VC1.m */; };
		A40BB3D7285C823C002C3B9E /* me.png in Resources */ = {isa = PBXBuildFile; fileRef = A40BB3D6285C823C002C3B9E /* me.png */; };
/* End PBXBuildFile section */

/* Begin PBXFileReference section */
		A40BB3B7285C7F96002C3B9E /* 性能优化.app */ = {isa = PBXFileReference; explicitFileType = wrapper.application; includeInIndex = 0; path = "性能优化.app"; sourceTree = BUILT_PRODUCTS_DIR; };
		A40BB3BA285C7F96002C3B9E /* AppDelegate.h */ = {isa = PBXFileReference; lastKnownFileType = sourcecode.c.h; path = AppDelegate.h; sourceTree = "<group>"; };
		A40BB3BB285C7F96002C3B9E /* AppDelegate.m */ = {isa = PBXFileReference; lastKnownFileType = sourcecode.c.objc; path = AppDelegate.m; sourceTree = "<group>"; };
		A40BB3BD285C7F96002C3B9E /* SceneDelegate.h */ = {isa = PBXFileReference; lastKnownFileType = sourcecode.c.h; path = SceneDelegate.h; sourceTree = "<group>"; };
		A40BB3BE285C7F96002C3B9E /* SceneDelegate.m */ = {isa = PBXFileReference; lastKnownFileType = sourcecode.c.objc; path = SceneDelegate.m; sourceTree = "<group>"; };
		A40BB3C0285C7F96002C3B9E /* ViewController.h */ = {isa = PBXFileReference; lastKnownFileType = sourcecode.c.h; path = ViewController.h; sourceTree = "<group>"; };
		A40BB3C1285C7F96002C3B9E /* ViewController.m */ = {isa = PBXFileReference; lastKnownFileType = sourcecode.c.objc; path = ViewController.m; sourceTree = "<group>"; };
		A40BB3C4285C7F96002C3B9E /* Base */ = {isa = PBXFileReference; lastKnownFileType = file.storyboard; name = Base; path = Base.lproj/Main.storyboard; sourceTree = "<group>"; };
		A40BB3C6285C7F99002C3B9E /* Assets.xcassets */ = {isa = PBXFileReference; lastKnownFileType = folder.assetcatalog; path = Assets.xcassets; sourceTree = "<group>"; };
		A40BB3C9285C7F99002C3B9E /* Base */ = {isa = PBXFileReference; lastKnownFileType = file.storyboard; name = Base; path = Base.lproj/LaunchScreen.storyboard; sourceTree = "<group>"; };
		A40BB3CB285C7F99002C3B9E /* Info.plist */ = {isa = PBXFileReference; lastKnownFileType = text.plist.xml; path = Info.plist; sourceTree = "<group>"; };
		A40BB3CC285C7F99002C3B9E /* main.m */ = {isa = PBXFileReference; lastKnownFileType = sourcecode.c.objc; path = main.m; sourceTree = "<group>"; };
		A40BB3D3285C7FC3002C3B9E /* VC1.h */ = {isa = PBXFileReference; lastKnownFileType = sourcecode.c.h; path = VC1.h; sourceTree = "<group>"; };
		A40BB3D4285C7FC3002C3B9E /* VC1.m */ = {isa = PBXFileReference; lastKnownFileType = sourcecode.c.objc; path = VC1.m; sourceTree = "<group>"; };
		A40BB3D6285C823C002C3B9E /* me.png */ = {isa = PBXFileReference; lastKnownFileType = image.png; name = me.png; path = "../../Layer/UI事务/UI事务/Assets.xcassets/me.imageset/me.png"; sourceTree = "<group>"; };
/* End PBXFileReference section */

/* Begin PBXFrameworksBuildPhase section */
		A40BB3B4285C7F96002C3B9E /* Frameworks */ = {
			isa = PBXFrameworksBuildPhase;
			buildActionMask = 2147483647;
			files = (
			);
			runOnlyForDeploymentPostprocessing = 0;
		};
/* End PBXFrameworksBuildPhase section */

/* Begin PBXGroup section */
		A40BB3AE285C7F96002C3B9E = {
			isa = PBXGroup;
			children = (
				A40BB3B9285C7F96002C3B9E /* 性能优化 */,
				A40BB3B8285C7F96002C3B9E /* Products */,
			);
			sourceTree = "<group>";
		};
		A40BB3B8285C7F96002C3B9E /* Products */ = {
			isa = PBXGroup;
			children = (
				A40BB3B7285C7F96002C3B9E /* 性能优化.app */,
			);
			name = Products;
			sourceTree = "<group>";
		};
		A40BB3B9285C7F96002C3B9E /* 性能优化 */ = {
			isa = PBXGroup;
			children = (
				A40BB3D6285C823C002C3B9E /* me.png */,
				A40BB3BA285C7F96002C3B9E /* AppDelegate.h */,
				A40BB3BB285C7F96002C3B9E /* AppDelegate.m */,
				A40BB3BD285C7F96002C3B9E /* SceneDelegate.h */,
				A40BB3BE285C7F96002C3B9E /* SceneDelegate.m */,
				A40BB3C0285C7F96002C3B9E /* ViewController.h */,
				A40BB3C1285C7F96002C3B9E /* ViewController.m */,
				A40BB3C3285C7F96002C3B9E /* Main.storyboard */,
				A40BB3C6285C7F99002C3B9E /* Assets.xcassets */,
				A40BB3C8285C7F99002C3B9E /* LaunchScreen.storyboard */,
				A40BB3CB285C7F99002C3B9E /* Info.plist */,
				A40BB3CC285C7F99002C3B9E /* main.m */,
				A40BB3D3285C7FC3002C3B9E /* VC1.h */,
				A40BB3D4285C7FC3002C3B9E /* VC1.m */,
			);
			path = "性能优化";
			sourceTree = "<group>";
		};
/* End PBXGroup section */

/* Begin PBXNativeTarget section */
		A40BB3B6285C7F96002C3B9E /* 性能优化 */ = {
			isa = PBXNativeTarget;
			buildConfigurationList = A40BB3D0285C7F99002C3B9E /* Build configuration list for PBXNativeTarget "性能优化" */;
			buildPhases = (
				A40BB3B3285C7F96002C3B9E /* Sources */,
				A40BB3B4285C7F96002C3B9E /* Frameworks */,
				A40BB3B5285C7F96002C3B9E /* Resources */,
			);
			buildRules = (
			);
			dependencies = (
			);
			name = "性能优化";
			productName = "性能优化";
			productReference = A40BB3B7285C7F96002C3B9E /* 性能优化.app */;
			productType = "com.apple.product-type.application";
		};
/* End PBXNativeTarget section */

/* Begin PBXProject section */
		A40BB3AF285C7F96002C3B9E /* Project object */ = {
			isa = PBXProject;
			attributes = {
				BuildIndependentTargetsInParallel = 1;
				LastUpgradeCheck = 1330;
				TargetAttributes = {
					A40BB3B6285C7F96002C3B9E = {
						CreatedOnToolsVersion = 13.3;
					};
				};
			};
			buildConfigurationList = A40BB3B2285C7F96002C3B9E /* Build configuration list for PBXProject "性能优化" */;
			compatibilityVersion = "Xcode 13.0";
			developmentRegion = en;
			hasScannedForEncodings = 0;
			knownRegions = (
				en,
				Base,
			);
			mainGroup = A40BB3AE285C7F96002C3B9E;
			productRefGroup = A40BB3B8285C7F96002C3B9E /* Products */;
			projectDirPath = "";
			projectRoot = "";
			targets = (
				A40BB3B6285C7F96002C3B9E /* 性能优化 */,
			);
		};
/* End PBXProject section */

/* Begin PBXResourcesBuildPhase section */
		A40BB3B5285C7F96002C3B9E /* Resources */ = {
			isa = PBXResourcesBuildPhase;
			buildActionMask = 2147483647;
			files = (
				A40BB3CA285C7F99002C3B9E /* LaunchScreen.storyboard in Resources */,
				A40BB3C7285C7F99002C3B9E /* Assets.xcassets in Resources */,
				A40BB3C5285C7F96002C3B9E /* Main.storyboard in Resources */,
				A40BB3D7285C823C002C3B9E /* me.png in Resources */,
			);
			runOnlyForDeploymentPostprocessing = 0;
		};
/* End PBXResourcesBuildPhase section */

/* Begin PBXSourcesBuildPhase section */
		A40BB3B3285C7F96002C3B9E /* Sources */ = {
			isa = PBXSourcesBuildPhase;
			buildActionMask = 2147483647;
			files = (
				A40BB3C2285C7F96002C3B9E /* ViewController.m in Sources */,
				A40BB3BC285C7F96002C3B9E /* AppDelegate.m in Sources */,
				A40BB3D5285C7FC3002C3B9E /* VC1.m in Sources */,
				A40BB3CD285C7F99002C3B9E /* main.m in Sources */,
				A40BB3BF285C7F96002C3B9E /* SceneDelegate.m in Sources */,
			);
			runOnlyForDeploymentPostprocessing = 0;
		};
/* End PBXSourcesBuildPhase section */

/* Begin PBXVariantGroup section */
		A40BB3C3285C7F96002C3B9E /* Main.storyboard */ = {
			isa = PBXVariantGroup;
			children = (
				A40BB3C4285C7F96002C3B9E /* Base */,
			);
			name = Main.storyboard;
			sourceTree = "<group>";
		};
		A40BB3C8285C7F99002C3B9E /* LaunchScreen.storyboard */ = {
			isa = PBXVariantGroup;
			children = (
				A40BB3C9285C7F99002C3B9E /* Base */,
			);
			name = LaunchScreen.storyboard;
			sourceTree = "<group>";
		};
/* End PBXVariantGroup section */

/* Begin XCBuildConfiguration section */
		A40BB3CE285C7F99002C3B9E /* Debug */ = {
			isa = XCBuildConfiguration;
			buildSettings = {
				ALWAYS_SEARCH_USER_PATHS = NO;
				CLANG_ANALYZER_NONNULL = YES;
				CLANG_ANALYZER_NUMBER_OBJECT_CONVERSION = YES_AGGRESSIVE;
				CLANG_CXX_LANGUAGE_STANDARD = "gnu++17";
				CLANG_ENABLE_MODULES = YES;
				CLANG_ENABLE_OBJC_ARC = YES;
				CLANG_ENABLE_OBJC_WEAK = YES;
				CLANG_WARN_BLOCK_CAPTURE_AUTORELEASING = YES;
				CLANG_WARN_BOOL_CONVERSION = YES;
				CLANG_WARN_COMMA = YES;
				CLANG_WARN_CONSTANT_CONVERSION = YES;
				CLANG_WARN_DEPRECATED_OBJC_IMPLEMENTATIONS = YES;
				CLANG_WARN_DIRECT_OBJC_ISA_USAGE = YES_ERROR;
				CLANG_WARN_DOCUMENTATION_COMMENTS = YES;
				CLANG_WARN_EMPTY_BODY = YES;
				CLANG_WARN_ENUM_CONVERSION = YES;
				CLANG_WARN_INFINITE_RECURSION = YES;
				CLANG_WARN_INT_CONVERSION = YES;
				CLANG_WARN_NON_LITERAL_NULL_CONVERSION = YES;
				CLANG_WARN_OBJC_IMPLICIT_RETAIN_SELF = YES;
				CLANG_WARN_OBJC_LITERAL_CONVERSION = YES;
				CLANG_WARN_OBJC_ROOT_CLASS = YES_ERROR;
				CLANG_WARN_QUOTED_INCLUDE_IN_FRAMEWORK_HEADER = YES;
				CLANG_WARN_RANGE_LOOP_ANALYSIS = YES;
				CLANG_WARN_STRICT_PROTOTYPES = YES;
				CLANG_WARN_SUSPICIOUS_MOVE = YES;
				CLANG_WARN_UNGUARDED_AVAILABILITY = YES_AGGRESSIVE;
				CLANG_WARN_UNREACHABLE_CODE = YES;
				CLANG_WARN__DUPLICATE_METHOD_MATCH = YES;
				COPY_PHASE_STRIP = NO;
				DEBUG_INFORMATION_FORMAT = dwarf;
				ENABLE_STRICT_OBJC_MSGSEND = YES;
				ENABLE_TESTABILITY = YES;
				GCC_C_LANGUAGE_STANDARD = gnu11;
				GCC_DYNAMIC_NO_PIC = NO;
				GCC_NO_COMMON_BLOCKS = YES;
				GCC_OPTIMIZATION_LEVEL = 0;
				GCC_PREPROCESSOR_DEFINITIONS = (
					"DEBUG=1",
					"$(inherited)",
				);
				GCC_WARN_64_TO_32_BIT_CONVERSION = YES;
				GCC_WARN_ABOUT_RETURN_TYPE = YES_ERROR;
				GCC_WARN_UNDECLARED_SELECTOR = YES;
				GCC_WARN_UNINITIALIZED_AUTOS = YES_AGGRESSIVE;
				GCC_WARN_UNUSED_FUNCTION = YES;
				GCC_WARN_UNUSED_VARIABLE = YES;
				IPHONEOS_DEPLOYMENT_TARGET = 15.4;
				MTL_ENABLE_DEBUG_INFO = INCLUDE_SOURCE;
				MTL_FAST_MATH = YES;
				ONLY_ACTIVE_ARCH = YES;
				SDKROOT = iphoneos;
			};
			name = Debug;
		};
		A40BB3CF285C7F99002C3B9E /* Release */ = {
			isa = XCBuildConfiguration;
			buildSettings = {
				ALWAYS_SEARCH_USER_PATHS = NO;
				CLANG_ANALYZER_NONNULL = YES;
				CLANG_ANALYZER_NUMBER_OBJECT_CONVERSION = YES_AGGRESSIVE;
				CLANG_CXX_LANGUAGE_STANDARD = "gnu++17";
				CLANG_ENABLE_MODULES = YES;
				CLANG_ENABLE_OBJC_ARC = YES;
				CLANG_ENABLE_OBJC_WEAK = YES;
				CLANG_WARN_BLOCK_CAPTURE_AUTORELEASING = YES;
				CLANG_WARN_BOOL_CONVERSION = YES;
				CLANG_WARN_COMMA = YES;
				CLANG_WARN_CONSTANT_CONVERSION = YES;
				CLANG_WARN_DEPRECATED_OBJC_IMPLEMENTATIONS = YES;
				CLANG_WARN_DIRECT_OBJC_ISA_USAGE = YES_ERROR;
				CLANG_WARN_DOCUMENTATION_COMMENTS = YES;
				CLANG_WARN_EMPTY_BODY = YES;
				CLANG_WARN_ENUM_CONVERSION = YES;
				CLANG_WARN_INFINITE_RECURSION = YES;
				CLANG_WARN_INT_CONVERSION = YES;
				CLANG_WARN_NON_LITERAL_NULL_CONVERSION = YES;
				CLANG_WARN_OBJC_IMPLICIT_RETAIN_SELF = YES;
				CLANG_WARN_OBJC_LITERAL_CONVERSION = YES;
				CLANG_WARN_OBJC_ROOT_CLASS = YES_ERROR;
				CLANG_WARN_QUOTED_INCLUDE_IN_FRAMEWORK_HEADER = YES;
				CLANG_WARN_RANGE_LOOP_ANALYSIS = YES;
				CLANG_WARN_STRICT_PROTOTYPES = YES;
				CLANG_WARN_SUSPICIOUS_MOVE = YES;
				CLANG_WARN_UNGUARDED_AVAILABILITY = YES_AGGRESSIVE;
				CLANG_WARN_UNREACHABLE_CODE = YES;
				CLANG_WARN__DUPLICATE_METHOD_MATCH = YES;
				COPY_PHASE_STRIP = NO;
				DEBUG_INFORMATION_FORMAT = "dwarf-with-dsym";
				ENABLE_NS_ASSERTIONS = NO;
				ENABLE_STRICT_OBJC_MSGSEND = YES;
				GCC_C_LANGUAGE_STANDARD = gnu11;
				GCC_NO_COMMON_BLOCKS = YES;
				GCC_WARN_64_TO_32_BIT_CONVERSION = YES;
				GCC_WARN_ABOUT_RETURN_TYPE = YES_ERROR;
				GCC_WARN_UNDECLARED_SELECTOR = YES;
				GCC_WARN_UNINITIALIZED_AUTOS = YES_AGGRESSIVE;
				GCC_WARN_UNUSED_FUNCTION = YES;
				GCC_WARN_UNUSED_VARIABLE = YES;
				IPHONEOS_DEPLOYMENT_TARGET = 15.4;
				MTL_ENABLE_DEBUG_INFO = NO;
				MTL_FAST_MATH = YES;
				SDKROOT = iphoneos;
				VALIDATE_PRODUCT = YES;
			};
			name = Release;
		};
		A40BB3D1285C7F99002C3B9E /* Debug */ = {
			isa = XCBuildConfiguration;
			buildSettings = {
				ASSETCATALOG_COMPILER_APPICON_NAME = AppIcon;
				ASSETCATALOG_COMPILER_GLOBAL_ACCENT_COLOR_NAME = AccentColor;
				CODE_SIGN_IDENTITY = "iPhone Developer";
				CODE_SIGN_STYLE = Manual;
				CURRENT_PROJECT_VERSION = 1;
				DEVELOPMENT_TEAM = Y5ZP3NDNWZ;
				GENERATE_INFOPLIST_FILE = YES;
				INFOPLIST_FILE = "性能优化/Info.plist";
				INFOPLIST_KEY_UIApplicationSupportsIndirectInputEvents = YES;
				INFOPLIST_KEY_UILaunchStoryboardName = LaunchScreen;
				INFOPLIST_KEY_UIMainStoryboardFile = Main;
				INFOPLIST_KEY_UISupportedInterfaceOrientations_iPad = "UIInterfaceOrientationPortrait UIInterfaceOrientationPortraitUpsideDown UIInterfaceOrientationLandscapeLeft UIInterfaceOrientationLandscapeRight";
				INFOPLIST_KEY_UISupportedInterfaceOrientations_iPhone = "UIInterfaceOrientationPortrait UIInterfaceOrientationLandscapeLeft UIInterfaceOrientationLandscapeRight";
				IPHONEOS_DEPLOYMENT_TARGET = 15.3;
				LD_RUNPATH_SEARCH_PATHS = (
					"$(inherited)",
					"@executable_path/Frameworks",
				);
				MARKETING_VERSION = 1.0;
				PRODUCT_BUNDLE_IDENTIFIER = com.creditease.yidingying;
				PRODUCT_NAME = "$(TARGET_NAME)";
				PROVISIONING_PROFILE_SPECIFIER = yidingying_dev;
				SWIFT_EMIT_LOC_STRINGS = YES;
				TARGETED_DEVICE_FAMILY = "1,2";
			};
			name = Debug;
		};
		A40BB3D2285C7F99002C3B9E /* Release */ = {
			isa = XCBuildConfiguration;
			buildSettings = {
				ASSETCATALOG_COMPILER_APPICON_NAME = AppIcon;
				ASSETCATALOG_COMPILER_GLOBAL_ACCENT_COLOR_NAME = AccentColor;
				CODE_SIGN_IDENTITY = "iPhone Developer";
				CODE_SIGN_STYLE = Manual;
				CURRENT_PROJECT_VERSION = 1;
				DEVELOPMENT_TEAM = Y5ZP3NDNWZ;
				GENERATE_INFOPLIST_FILE = YES;
				INFOPLIST_FILE = "性能优化/Info.plist";
				INFOPLIST_KEY_UIApplicationSupportsIndirectInputEvents = YES;
				INFOPLIST_KEY_UILaunchStoryboardName = LaunchScreen;
				INFOPLIST_KEY_UIMainStoryboardFile = Main;
				INFOPLIST_KEY_UISupportedInterfaceOrientations_iPad = "UIInterfaceOrientationPortrait UIInterfaceOrientationPortraitUpsideDown UIInterfaceOrientationLandscapeLeft UIInterfaceOrientationLandscapeRight";
				INFOPLIST_KEY_UISupportedInterfaceOrientations_iPhone = "UIInterfaceOrientationPortrait UIInterfaceOrientationLandscapeLeft UIInterfaceOrientationLandscapeRight";
				IPHONEOS_DEPLOYMENT_TARGET = 15.3;
				LD_RUNPATH_SEARCH_PATHS = (
					"$(inherited)",
					"@executable_path/Frameworks",
				);
				MARKETING_VERSION = 1.0;
				PRODUCT_BUNDLE_IDENTIFIER = com.creditease.yidingying;
				PRODUCT_NAME = "$(TARGET_NAME)";
				PROVISIONING_PROFILE_SPECIFIER = yidingying_dev;
				SWIFT_EMIT_LOC_STRINGS = YES;
				TARGETED_DEVICE_FAMILY = "1,2";
			};
			name = Release;
		};
/* End XCBuildConfiguration section */

/* Begin XCConfigurationList section */
		A40BB3B2285C7F96002C3B9E /* Build configuration list for PBXProject "性能优化" */ = {
			isa = XCConfigurationList;
			buildConfigurations = (
				A40BB3CE285C7F99002C3B9E /* Debug */,
				A40BB3CF285C7F99002C3B9E /* Release */,
			);
			defaultConfigurationIsVisible = 0;
			defaultConfigurationName = Release;
		};
		A40BB3D0285C7F99002C3B9E /* Build configuration list for PBXNativeTarget "性能优化" */ = {
			isa = XCConfigurationList;
			buildConfigurations = (
				A40BB3D1285C7F99002C3B9E /* Debug */,
				A40BB3D2285C7F99002C3B9E /* Release */,
			);
			defaultConfigurationIsVisible = 0;
			defaultConfigurationName = Release;
		};
/* End XCConfigurationList section */
	};
	rootObject = A40BB3AF285C7F96002C3B9E /* Project object */;
}
