// !$*UTF8*$!
{
	archiveVersion = 1;
	classes = {
	};
	objectVersion = 50;
	objects = {

/* Begin PBXBuildFile section */
		A4B8DF1227ABE7B700791F87 /* AppDelegate.m in Sources */ = {isa = PBXBuildFile; fileRef = A4B8DF1127ABE7B700791F87 /* AppDelegate.m */; };
		A4B8DF1527ABE7B700791F87 /* SceneDelegate.m in Sources */ = {isa = PBXBuildFile; fileRef = A4B8DF1427ABE7B700791F87 /* SceneDelegate.m */; };
		A4B8DF1827ABE7B700791F87 /* ViewController.m in Sources */ = {isa = PBXBuildFile; fileRef = A4B8DF1727ABE7B700791F87 /* ViewController.m */; };
		A4B8DF1B27ABE7B700791F87 /* Main.storyboard in Resources */ = {isa = PBXBuildFile; fileRef = A4B8DF1927ABE7B700791F87 /* Main.storyboard */; };
		A4B8DF1D27ABE7BA00791F87 /* Assets.xcassets in Resources */ = {isa = PBXBuildFile; fileRef = A4B8DF1C27ABE7BA00791F87 /* Assets.xcassets */; };
		A4B8DF2027ABE7BA00791F87 /* LaunchScreen.storyboard in Resources */ = {isa = PBXBuildFile; fileRef = A4B8DF1E27ABE7BA00791F87 /* LaunchScreen.storyboard */; };
		A4B8DF2327ABE7BA00791F87 /* main.m in Sources */ = {isa = PBXBuildFile; fileRef = A4B8DF2227ABE7BA00791F87 /* main.m */; };
		A4B8DF2B27ABE8CD00791F87 /* VC2.m in Sources */ = {isa = PBXBuildFile; fileRef = A4B8DF2A27ABE8CD00791F87 /* VC2.m */; };
		A4B8DF2E27AC059600791F87 /* ZYYThread.m in Sources */ = {isa = PBXBuildFile; fileRef = A4B8DF2C27AC059600791F87 /* ZYYThread.m */; };
		A4B8DF3127AC129000791F87 /* VC3.m in Sources */ = {isa = PBXBuildFile; fileRef = A4B8DF3027AC129000791F87 /* VC3.m */; };
		A4B8DF3427AC13A100791F87 /* VC4.m in Sources */ = {isa = PBXBuildFile; fileRef = A4B8DF3327AC13A100791F87 /* VC4.m */; };
		A4B8DF3727AC21B100791F87 /* VC5.m in Sources */ = {isa = PBXBuildFile; fileRef = A4B8DF3627AC21B100791F87 /* VC5.m */; };
		A4B8DF3A27AC266600791F87 /* VC6.m in Sources */ = {isa = PBXBuildFile; fileRef = A4B8DF3927AC266600791F87 /* VC6.m */; };
		A4B8DF3D27AC284300791F87 /* ZYYPermenantThread.m in Sources */ = {isa = PBXBuildFile; fileRef = A4B8DF3C27AC284300791F87 /* ZYYPermenantThread.m */; };
		A4B8DF4027AC321F00791F87 /* VC7.m in Sources */ = {isa = PBXBuildFile; fileRef = A4B8DF3F27AC321F00791F87 /* VC7.m */; };
		A4B8DF4327AC336800791F87 /* ZYYPermenantThread_C.m in Sources */ = {isa = PBXBuildFile; fileRef = A4B8DF4227AC336800791F87 /* ZYYPermenantThread_C.m */; };
/* End PBXBuildFile section */

/* Begin PBXFileReference section */
		A4B8DF0D27ABE7B700791F87 /* Interview-封装线程.app */ = {isa = PBXFileReference; explicitFileType = wrapper.application; includeInIndex = 0; path = "Interview-封装线程.app"; sourceTree = BUILT_PRODUCTS_DIR; };
		A4B8DF1027ABE7B700791F87 /* AppDelegate.h */ = {isa = PBXFileReference; lastKnownFileType = sourcecode.c.h; path = AppDelegate.h; sourceTree = "<group>"; };
		A4B8DF1127ABE7B700791F87 /* AppDelegate.m */ = {isa = PBXFileReference; lastKnownFileType = sourcecode.c.objc; path = AppDelegate.m; sourceTree = "<group>"; };
		A4B8DF1327ABE7B700791F87 /* SceneDelegate.h */ = {isa = PBXFileReference; lastKnownFileType = sourcecode.c.h; path = SceneDelegate.h; sourceTree = "<group>"; };
		A4B8DF1427ABE7B700791F87 /* SceneDelegate.m */ = {isa = PBXFileReference; lastKnownFileType = sourcecode.c.objc; path = SceneDelegate.m; sourceTree = "<group>"; };
		A4B8DF1627ABE7B700791F87 /* ViewController.h */ = {isa = PBXFileReference; lastKnownFileType = sourcecode.c.h; path = ViewController.h; sourceTree = "<group>"; };
		A4B8DF1727ABE7B700791F87 /* ViewController.m */ = {isa = PBXFileReference; lastKnownFileType = sourcecode.c.objc; path = ViewController.m; sourceTree = "<group>"; };
		A4B8DF1A27ABE7B700791F87 /* Base */ = {isa = PBXFileReference; lastKnownFileType = file.storyboard; name = Base; path = Base.lproj/Main.storyboard; sourceTree = "<group>"; };
		A4B8DF1C27ABE7BA00791F87 /* Assets.xcassets */ = {isa = PBXFileReference; lastKnownFileType = folder.assetcatalog; path = Assets.xcassets; sourceTree = "<group>"; };
		A4B8DF1F27ABE7BA00791F87 /* Base */ = {isa = PBXFileReference; lastKnownFileType = file.storyboard; name = Base; path = Base.lproj/LaunchScreen.storyboard; sourceTree = "<group>"; };
		A4B8DF2127ABE7BA00791F87 /* Info.plist */ = {isa = PBXFileReference; lastKnownFileType = text.plist.xml; path = Info.plist; sourceTree = "<group>"; };
		A4B8DF2227ABE7BA00791F87 /* main.m */ = {isa = PBXFileReference; lastKnownFileType = sourcecode.c.objc; path = main.m; sourceTree = "<group>"; };
		A4B8DF2927ABE8CD00791F87 /* VC2.h */ = {isa = PBXFileReference; lastKnownFileType = sourcecode.c.h; path = VC2.h; sourceTree = "<group>"; };
		A4B8DF2A27ABE8CD00791F87 /* VC2.m */ = {isa = PBXFileReference; lastKnownFileType = sourcecode.c.objc; path = VC2.m; sourceTree = "<group>"; };
		A4B8DF2C27AC059600791F87 /* ZYYThread.m */ = {isa = PBXFileReference; fileEncoding = 4; lastKnownFileType = sourcecode.c.objc; path = ZYYThread.m; sourceTree = "<group>"; };
		A4B8DF2D27AC059600791F87 /* ZYYThread.h */ = {isa = PBXFileReference; fileEncoding = 4; lastKnownFileType = sourcecode.c.h; path = ZYYThread.h; sourceTree = "<group>"; };
		A4B8DF2F27AC129000791F87 /* VC3.h */ = {isa = PBXFileReference; lastKnownFileType = sourcecode.c.h; path = VC3.h; sourceTree = "<group>"; };
		A4B8DF3027AC129000791F87 /* VC3.m */ = {isa = PBXFileReference; lastKnownFileType = sourcecode.c.objc; path = VC3.m; sourceTree = "<group>"; };
		A4B8DF3227AC13A100791F87 /* VC4.h */ = {isa = PBXFileReference; lastKnownFileType = sourcecode.c.h; path = VC4.h; sourceTree = "<group>"; };
		A4B8DF3327AC13A100791F87 /* VC4.m */ = {isa = PBXFileReference; lastKnownFileType = sourcecode.c.objc; path = VC4.m; sourceTree = "<group>"; };
		A4B8DF3527AC21B100791F87 /* VC5.h */ = {isa = PBXFileReference; lastKnownFileType = sourcecode.c.h; path = VC5.h; sourceTree = "<group>"; };
		A4B8DF3627AC21B100791F87 /* VC5.m */ = {isa = PBXFileReference; lastKnownFileType = sourcecode.c.objc; path = VC5.m; sourceTree = "<group>"; };
		A4B8DF3827AC266600791F87 /* VC6.h */ = {isa = PBXFileReference; lastKnownFileType = sourcecode.c.h; path = VC6.h; sourceTree = "<group>"; };
		A4B8DF3927AC266600791F87 /* VC6.m */ = {isa = PBXFileReference; lastKnownFileType = sourcecode.c.objc; path = VC6.m; sourceTree = "<group>"; };
		A4B8DF3B27AC284300791F87 /* ZYYPermenantThread.h */ = {isa = PBXFileReference; lastKnownFileType = sourcecode.c.h; path = ZYYPermenantThread.h; sourceTree = "<group>"; };
		A4B8DF3C27AC284300791F87 /* ZYYPermenantThread.m */ = {isa = PBXFileReference; lastKnownFileType = sourcecode.c.objc; path = ZYYPermenantThread.m; sourceTree = "<group>"; };
		A4B8DF3E27AC321F00791F87 /* VC7.h */ = {isa = PBXFileReference; lastKnownFileType = sourcecode.c.h; path = VC7.h; sourceTree = "<group>"; };
		A4B8DF3F27AC321F00791F87 /* VC7.m */ = {isa = PBXFileReference; lastKnownFileType = sourcecode.c.objc; path = VC7.m; sourceTree = "<group>"; };
		A4B8DF4127AC336800791F87 /* ZYYPermenantThread_C.h */ = {isa = PBXFileReference; lastKnownFileType = sourcecode.c.h; path = ZYYPermenantThread_C.h; sourceTree = "<group>"; };
		A4B8DF4227AC336800791F87 /* ZYYPermenantThread_C.m */ = {isa = PBXFileReference; lastKnownFileType = sourcecode.c.objc; path = ZYYPermenantThread_C.m; sourceTree = "<group>"; };
/* End PBXFileReference section */

/* Begin PBXFrameworksBuildPhase section */
		A4B8DF0A27ABE7B700791F87 /* Frameworks */ = {
			isa = PBXFrameworksBuildPhase;
			buildActionMask = 2147483647;
			files = (
			);
			runOnlyForDeploymentPostprocessing = 0;
		};
/* End PBXFrameworksBuildPhase section */

/* Begin PBXGroup section */
		A4B8DF0427ABE7B700791F87 = {
			isa = PBXGroup;
			children = (
				A4B8DF0F27ABE7B700791F87 /* Interview-封装线程 */,
				A4B8DF0E27ABE7B700791F87 /* Products */,
			);
			sourceTree = "<group>";
		};
		A4B8DF0E27ABE7B700791F87 /* Products */ = {
			isa = PBXGroup;
			children = (
				A4B8DF0D27ABE7B700791F87 /* Interview-封装线程.app */,
			);
			name = Products;
			sourceTree = "<group>";
		};
		A4B8DF0F27ABE7B700791F87 /* Interview-封装线程 */ = {
			isa = PBXGroup;
			children = (
				A4B8DF2D27AC059600791F87 /* ZYYThread.h */,
				A4B8DF2C27AC059600791F87 /* ZYYThread.m */,
				A4B8DF1027ABE7B700791F87 /* AppDelegate.h */,
				A4B8DF1127ABE7B700791F87 /* AppDelegate.m */,
				A4B8DF1327ABE7B700791F87 /* SceneDelegate.h */,
				A4B8DF1427ABE7B700791F87 /* SceneDelegate.m */,
				A4B8DF1627ABE7B700791F87 /* ViewController.h */,
				A4B8DF1727ABE7B700791F87 /* ViewController.m */,
				A4B8DF1927ABE7B700791F87 /* Main.storyboard */,
				A4B8DF1C27ABE7BA00791F87 /* Assets.xcassets */,
				A4B8DF1E27ABE7BA00791F87 /* LaunchScreen.storyboard */,
				A4B8DF2127ABE7BA00791F87 /* Info.plist */,
				A4B8DF2227ABE7BA00791F87 /* main.m */,
				A4B8DF2927ABE8CD00791F87 /* VC2.h */,
				A4B8DF2A27ABE8CD00791F87 /* VC2.m */,
				A4B8DF2F27AC129000791F87 /* VC3.h */,
				A4B8DF3027AC129000791F87 /* VC3.m */,
				A4B8DF3227AC13A100791F87 /* VC4.h */,
				A4B8DF3327AC13A100791F87 /* VC4.m */,
				A4B8DF3527AC21B100791F87 /* VC5.h */,
				A4B8DF3627AC21B100791F87 /* VC5.m */,
				A4B8DF3827AC266600791F87 /* VC6.h */,
				A4B8DF3927AC266600791F87 /* VC6.m */,
				A4B8DF3B27AC284300791F87 /* ZYYPermenantThread.h */,
				A4B8DF3C27AC284300791F87 /* ZYYPermenantThread.m */,
				A4B8DF3E27AC321F00791F87 /* VC7.h */,
				A4B8DF3F27AC321F00791F87 /* VC7.m */,
				A4B8DF4127AC336800791F87 /* ZYYPermenantThread_C.h */,
				A4B8DF4227AC336800791F87 /* ZYYPermenantThread_C.m */,
			);
			path = "Interview-封装线程";
			sourceTree = "<group>";
		};
/* End PBXGroup section */

/* Begin PBXNativeTarget section */
		A4B8DF0C27ABE7B700791F87 /* Interview-封装线程 */ = {
			isa = PBXNativeTarget;
			buildConfigurationList = A4B8DF2627ABE7BA00791F87 /* Build configuration list for PBXNativeTarget "Interview-封装线程" */;
			buildPhases = (
				A4B8DF0927ABE7B700791F87 /* Sources */,
				A4B8DF0A27ABE7B700791F87 /* Frameworks */,
				A4B8DF0B27ABE7B700791F87 /* Resources */,
			);
			buildRules = (
			);
			dependencies = (
			);
			name = "Interview-封装线程";
			productName = "Interview-封装线程";
			productReference = A4B8DF0D27ABE7B700791F87 /* Interview-封装线程.app */;
			productType = "com.apple.product-type.application";
		};
/* End PBXNativeTarget section */

/* Begin PBXProject section */
		A4B8DF0527ABE7B700791F87 /* Project object */ = {
			isa = PBXProject;
			attributes = {
				LastUpgradeCheck = 1250;
				TargetAttributes = {
					A4B8DF0C27ABE7B700791F87 = {
						CreatedOnToolsVersion = 12.5;
					};
				};
			};
			buildConfigurationList = A4B8DF0827ABE7B700791F87 /* Build configuration list for PBXProject "Interview-封装线程" */;
			compatibilityVersion = "Xcode 9.3";
			developmentRegion = en;
			hasScannedForEncodings = 0;
			knownRegions = (
				en,
				Base,
			);
			mainGroup = A4B8DF0427ABE7B700791F87;
			productRefGroup = A4B8DF0E27ABE7B700791F87 /* Products */;
			projectDirPath = "";
			projectRoot = "";
			targets = (
				A4B8DF0C27ABE7B700791F87 /* Interview-封装线程 */,
			);
		};
/* End PBXProject section */

/* Begin PBXResourcesBuildPhase section */
		A4B8DF0B27ABE7B700791F87 /* Resources */ = {
			isa = PBXResourcesBuildPhase;
			buildActionMask = 2147483647;
			files = (
				A4B8DF2027ABE7BA00791F87 /* LaunchScreen.storyboard in Resources */,
				A4B8DF1D27ABE7BA00791F87 /* Assets.xcassets in Resources */,
				A4B8DF1B27ABE7B700791F87 /* Main.storyboard in Resources */,
			);
			runOnlyForDeploymentPostprocessing = 0;
		};
/* End PBXResourcesBuildPhase section */

/* Begin PBXSourcesBuildPhase section */
		A4B8DF0927ABE7B700791F87 /* Sources */ = {
			isa = PBXSourcesBuildPhase;
			buildActionMask = 2147483647;
			files = (
				A4B8DF4027AC321F00791F87 /* VC7.m in Sources */,
				A4B8DF3727AC21B100791F87 /* VC5.m in Sources */,
				A4B8DF2E27AC059600791F87 /* ZYYThread.m in Sources */,
				A4B8DF3127AC129000791F87 /* VC3.m in Sources */,
				A4B8DF1827ABE7B700791F87 /* ViewController.m in Sources */,
				A4B8DF4327AC336800791F87 /* ZYYPermenantThread_C.m in Sources */,
				A4B8DF1227ABE7B700791F87 /* AppDelegate.m in Sources */,
				A4B8DF2327ABE7BA00791F87 /* main.m in Sources */,
				A4B8DF3427AC13A100791F87 /* VC4.m in Sources */,
				A4B8DF3A27AC266600791F87 /* VC6.m in Sources */,
				A4B8DF1527ABE7B700791F87 /* SceneDelegate.m in Sources */,
				A4B8DF3D27AC284300791F87 /* ZYYPermenantThread.m in Sources */,
				A4B8DF2B27ABE8CD00791F87 /* VC2.m in Sources */,
			);
			runOnlyForDeploymentPostprocessing = 0;
		};
/* End PBXSourcesBuildPhase section */

/* Begin PBXVariantGroup section */
		A4B8DF1927ABE7B700791F87 /* Main.storyboard */ = {
			isa = PBXVariantGroup;
			children = (
				A4B8DF1A27ABE7B700791F87 /* Base */,
			);
			name = Main.storyboard;
			sourceTree = "<group>";
		};
		A4B8DF1E27ABE7BA00791F87 /* LaunchScreen.storyboard */ = {
			isa = PBXVariantGroup;
			children = (
				A4B8DF1F27ABE7BA00791F87 /* Base */,
			);
			name = LaunchScreen.storyboard;
			sourceTree = "<group>";
		};
/* End PBXVariantGroup section */

/* Begin XCBuildConfiguration section */
		A4B8DF2427ABE7BA00791F87 /* Debug */ = {
			isa = XCBuildConfiguration;
			buildSettings = {
				ALWAYS_SEARCH_USER_PATHS = NO;
				CLANG_ANALYZER_NONNULL = YES;
				CLANG_ANALYZER_NUMBER_OBJECT_CONVERSION = YES_AGGRESSIVE;
				CLANG_CXX_LANGUAGE_STANDARD = "gnu++14";
				CLANG_CXX_LIBRARY = "libc++";
				CLANG_ENABLE_MODULES = YES;
				CLANG_ENABLE_OBJC_ARC = YES;
				CLANG_ENABLE_OBJC_WEAK = YES;
				CLANG_WARN_BLOCK_CAPTURE_AUTORELEASING = YES;
				CLANG_WARN_BOOL_CONVERSION = YES;
				CLANG_WARN_COMMA = YES;
				CLANG_WARN_CONSTANT_CONVERSION = YES;
				CLANG_WARN_DEPRECATED_OBJC_IMPLEMENTATIONS = YES;
				CLANG_WARN_DIRECT_OBJC_ISA_USAGE = YES_ERROR;
				CLANG_WARN_DOCUMENTATION_COMMENTS = YES;
				CLANG_WARN_EMPTY_BODY = YES;
				CLANG_WARN_ENUM_CONVERSION = YES;
				CLANG_WARN_INFINITE_RECURSION = YES;
				CLANG_WARN_INT_CONVERSION = YES;
				CLANG_WARN_NON_LITERAL_NULL_CONVERSION = YES;
				CLANG_WARN_OBJC_IMPLICIT_RETAIN_SELF = YES;
				CLANG_WARN_OBJC_LITERAL_CONVERSION = YES;
				CLANG_WARN_OBJC_ROOT_CLASS = YES_ERROR;
				CLANG_WARN_QUOTED_INCLUDE_IN_FRAMEWORK_HEADER = YES;
				CLANG_WARN_RANGE_LOOP_ANALYSIS = YES;
				CLANG_WARN_STRICT_PROTOTYPES = YES;
				CLANG_WARN_SUSPICIOUS_MOVE = YES;
				CLANG_WARN_UNGUARDED_AVAILABILITY = YES_AGGRESSIVE;
				CLANG_WARN_UNREACHABLE_CODE = YES;
				CLANG_WARN__DUPLICATE_METHOD_MATCH = YES;
				COPY_PHASE_STRIP = NO;
				DEBUG_INFORMATION_FORMAT = dwarf;
				ENABLE_STRICT_OBJC_MSGSEND = YES;
				ENABLE_TESTABILITY = YES;
				GCC_C_LANGUAGE_STANDARD = gnu11;
				GCC_DYNAMIC_NO_PIC = NO;
				GCC_NO_COMMON_BLOCKS = YES;
				GCC_OPTIMIZATION_LEVEL = 0;
				GCC_PREPROCESSOR_DEFINITIONS = (
					"DEBUG=1",
					"$(inherited)",
				);
				GCC_WARN_64_TO_32_BIT_CONVERSION = YES;
				GCC_WARN_ABOUT_RETURN_TYPE = YES_ERROR;
				GCC_WARN_UNDECLARED_SELECTOR = YES;
				GCC_WARN_UNINITIALIZED_AUTOS = YES_AGGRESSIVE;
				GCC_WARN_UNUSED_FUNCTION = YES;
				GCC_WARN_UNUSED_VARIABLE = YES;
				IPHONEOS_DEPLOYMENT_TARGET = 14.5;
				MTL_ENABLE_DEBUG_INFO = INCLUDE_SOURCE;
				MTL_FAST_MATH = YES;
				ONLY_ACTIVE_ARCH = YES;
				SDKROOT = iphoneos;
			};
			name = Debug;
		};
		A4B8DF2527ABE7BA00791F87 /* Release */ = {
			isa = XCBuildConfiguration;
			buildSettings = {
				ALWAYS_SEARCH_USER_PATHS = NO;
				CLANG_ANALYZER_NONNULL = YES;
				CLANG_ANALYZER_NUMBER_OBJECT_CONVERSION = YES_AGGRESSIVE;
				CLANG_CXX_LANGUAGE_STANDARD = "gnu++14";
				CLANG_CXX_LIBRARY = "libc++";
				CLANG_ENABLE_MODULES = YES;
				CLANG_ENABLE_OBJC_ARC = YES;
				CLANG_ENABLE_OBJC_WEAK = YES;
				CLANG_WARN_BLOCK_CAPTURE_AUTORELEASING = YES;
				CLANG_WARN_BOOL_CONVERSION = YES;
				CLANG_WARN_COMMA = YES;
				CLANG_WARN_CONSTANT_CONVERSION = YES;
				CLANG_WARN_DEPRECATED_OBJC_IMPLEMENTATIONS = YES;
				CLANG_WARN_DIRECT_OBJC_ISA_USAGE = YES_ERROR;
				CLANG_WARN_DOCUMENTATION_COMMENTS = YES;
				CLANG_WARN_EMPTY_BODY = YES;
				CLANG_WARN_ENUM_CONVERSION = YES;
				CLANG_WARN_INFINITE_RECURSION = YES;
				CLANG_WARN_INT_CONVERSION = YES;
				CLANG_WARN_NON_LITERAL_NULL_CONVERSION = YES;
				CLANG_WARN_OBJC_IMPLICIT_RETAIN_SELF = YES;
				CLANG_WARN_OBJC_LITERAL_CONVERSION = YES;
				CLANG_WARN_OBJC_ROOT_CLASS = YES_ERROR;
				CLANG_WARN_QUOTED_INCLUDE_IN_FRAMEWORK_HEADER = YES;
				CLANG_WARN_RANGE_LOOP_ANALYSIS = YES;
				CLANG_WARN_STRICT_PROTOTYPES = YES;
				CLANG_WARN_SUSPICIOUS_MOVE = YES;
				CLANG_WARN_UNGUARDED_AVAILABILITY = YES_AGGRESSIVE;
				CLANG_WARN_UNREACHABLE_CODE = YES;
				CLANG_WARN__DUPLICATE_METHOD_MATCH = YES;
				COPY_PHASE_STRIP = NO;
				DEBUG_INFORMATION_FORMAT = "dwarf-with-dsym";
				ENABLE_NS_ASSERTIONS = NO;
				ENABLE_STRICT_OBJC_MSGSEND = YES;
				GCC_C_LANGUAGE_STANDARD = gnu11;
				GCC_NO_COMMON_BLOCKS = YES;
				GCC_WARN_64_TO_32_BIT_CONVERSION = YES;
				GCC_WARN_ABOUT_RETURN_TYPE = YES_ERROR;
				GCC_WARN_UNDECLARED_SELECTOR = YES;
				GCC_WARN_UNINITIALIZED_AUTOS = YES_AGGRESSIVE;
				GCC_WARN_UNUSED_FUNCTION = YES;
				GCC_WARN_UNUSED_VARIABLE = YES;
				IPHONEOS_DEPLOYMENT_TARGET = 14.5;
				MTL_ENABLE_DEBUG_INFO = NO;
				MTL_FAST_MATH = YES;
				SDKROOT = iphoneos;
				VALIDATE_PRODUCT = YES;
			};
			name = Release;
		};
		A4B8DF2727ABE7BA00791F87 /* Debug */ = {
			isa = XCBuildConfiguration;
			buildSettings = {
				ASSETCATALOG_COMPILER_APPICON_NAME = AppIcon;
				ASSETCATALOG_COMPILER_GLOBAL_ACCENT_COLOR_NAME = AccentColor;
				CODE_SIGN_STYLE = Automatic;
				INFOPLIST_FILE = "Interview-封装线程/Info.plist";
				LD_RUNPATH_SEARCH_PATHS = (
					"$(inherited)",
					"@executable_path/Frameworks",
				);
				PRODUCT_BUNDLE_IDENTIFIER = "-1.Interview-----";
				PRODUCT_NAME = "$(TARGET_NAME)";
				TARGETED_DEVICE_FAMILY = "1,2";
			};
			name = Debug;
		};
		A4B8DF2827ABE7BA00791F87 /* Release */ = {
			isa = XCBuildConfiguration;
			buildSettings = {
				ASSETCATALOG_COMPILER_APPICON_NAME = AppIcon;
				ASSETCATALOG_COMPILER_GLOBAL_ACCENT_COLOR_NAME = AccentColor;
				CODE_SIGN_STYLE = Automatic;
				INFOPLIST_FILE = "Interview-封装线程/Info.plist";
				LD_RUNPATH_SEARCH_PATHS = (
					"$(inherited)",
					"@executable_path/Frameworks",
				);
				PRODUCT_BUNDLE_IDENTIFIER = "-1.Interview-----";
				PRODUCT_NAME = "$(TARGET_NAME)";
				TARGETED_DEVICE_FAMILY = "1,2";
			};
			name = Release;
		};
/* End XCBuildConfiguration section */

/* Begin XCConfigurationList section */
		A4B8DF0827ABE7B700791F87 /* Build configuration list for PBXProject "Interview-封装线程" */ = {
			isa = XCConfigurationList;
			buildConfigurations = (
				A4B8DF2427ABE7BA00791F87 /* Debug */,
				A4B8DF2527ABE7BA00791F87 /* Release */,
			);
			defaultConfigurationIsVisible = 0;
			defaultConfigurationName = Release;
		};
		A4B8DF2627ABE7BA00791F87 /* Build configuration list for PBXNativeTarget "Interview-封装线程" */ = {
			isa = XCConfigurationList;
			buildConfigurations = (
				A4B8DF2727ABE7BA00791F87 /* Debug */,
				A4B8DF2827ABE7BA00791F87 /* Release */,
			);
			defaultConfigurationIsVisible = 0;
			defaultConfigurationName = Release;
		};
/* End XCConfigurationList section */
	};
	rootObject = A4B8DF0527ABE7B700791F87 /* Project object */;
}
